PODS:
  - AFNetworkActivityLogger (2.0.4):
    - AFNetworking/NSURLConnection (~> 2.0)
    - AFNetworking/NSURLSession (~> 2.0)
  - AFNetworking (2.5.3):
    - AFNetworking/NSURLConnection (= 2.5.3)
    - AFNetworking/NSURLSession (= 2.5.3)
    - AFNetworking/Reachability (= 2.5.3)
    - AFNetworking/Security (= 2.5.3)
    - AFNetworking/Serialization (= 2.5.3)
    - AFNetworking/UIKit (= 2.5.3)
  - AFNetworking/NSURLConnection (2.5.3):
    - AFNetworking/Reachability
    - AFNetworking/Security
    - AFNetworking/Serialization
  - AFNetworking/NSURLSession (2.5.3):
    - AFNetworking/Reachability
    - AFNetworking/Security
    - AFNetworking/Serialization
  - AFNetworking/Reachability (2.5.3)
  - AFNetworking/Security (2.5.3)
  - AFNetworking/Serialization (2.5.3)
  - AFNetworking/UIKit (2.5.3):
    - AFNetworking/NSURLConnection
    - AFNetworking/NSURLSession
  - AGAudioPlayer (0.8.0):
    - FreeStreamer
  - Appirater (2.0.4)
  - AXRatingView (1.0.3)
  - CPKenburnsSlideshowView (HEAD based on 1.1.4):
    - CPKenburnsView
  - CPKenburnsView (1.0.1)
  - CrashlyticsFramework (2.2.10)
  - CrittercismSDK (5.2.0)
  - CSNNotificationObserver (0.9.2)
  - DBGHTMLEntities (0.2.0)
  - DZNEmptyDataSet (1.5.2)
  - EGOCache (2.1.3)
  - FCFileManager (1.0.7)
  - FreeStreamer (2.12.11):
    - Reachability (~> 3.0)
  - FXKeychain (1.5.2)
  - GroundControl (2.1.0):
    - AFNetworking (~> 2.2)
  - JSONModel (1.0.2)
  - KissXML (5.0)
  - KVOController (1.0.3)
  - LastFm (1.15.0):
    - KissXML (~> 5.0)
  - LLACircularProgressView (0.1.1)
  - MarqueeLabel (2.2.3)
  - NAKPlaybackIndicatorView (0.0.3)
  - NSMutableArray-Shuffle (0.4)
  - NSObject-NSCoding (1.0)
  - ObjectiveSugar (1.1.0)
  - OHActionSheet (2.0.1)
  - PSUpdateApp (2.0.5):
    - AFNetworking (~> 2.2)
  - Reachability (3.2)
  - SDWebImage (3.7.2):
    - SDWebImage/Core (= 3.7.2)
  - SDWebImage/Core (3.7.2)
  - SVProgressHUD (HEAD based on 1.1.3)
  - SVWebViewController (1.0)
  - TDBadgedCell (HEAD based on 3.0)
  - TTTAttributedLabel (1.13.3)

DEPENDENCIES:
  - AFNetworkActivityLogger
  - AFNetworking
  - AGAudioPlayer (from `../AGAudioPlayer`)
  - Appirater
  - AXRatingView
  - CPKenburnsSlideshowView (HEAD)
  - CrashlyticsFramework
  - CrittercismSDK
  - CSNNotificationObserver
  - DBGHTMLEntities
  - DZNEmptyDataSet
  - EGOCache
  - FCFileManager (~> 1.0.3)
  - FXKeychain
  - GroundControl (~> 2.1.0)
  - JSONModel
  - KVOController
  - LastFm
  - LLACircularProgressView
  - MarqueeLabel
  - NAKPlaybackIndicatorView
  - NSMutableArray-Shuffle (~> 0.4)
  - NSObject-NSCoding (from `https://github.com/alecgorge/NSObject-NSCoding.git`,
    branch `master`)
  - ObjectiveSugar
  - OHActionSheet
  - PSUpdateApp (from `https://github.com/alecgorge/PSUpdateApp.git`)
  - SDWebImage
  - SVProgressHUD (HEAD)
  - SVWebViewController
  - TDBadgedCell (HEAD)
  - TTTAttributedLabel

EXTERNAL SOURCES:
  AGAudioPlayer:
    :path: ../AGAudioPlayer
  NSObject-NSCoding:
    :branch: master
    :git: https://github.com/alecgorge/NSObject-NSCoding.git
  PSUpdateApp:
    :git: https://github.com/alecgorge/PSUpdateApp.git

CHECKOUT OPTIONS:
  NSObject-NSCoding:
    :commit: 7965e5766f076c535c0c9a26dc56034cd292487b
    :git: https://github.com/alecgorge/NSObject-NSCoding.git
  PSUpdateApp:
    :commit: 5c72c0a33ef641d181a9016a3208a01679bf6dc4
    :git: https://github.com/alecgorge/PSUpdateApp.git

SPEC CHECKSUMS:
  AFNetworkActivityLogger: 121486778117d53b3ab1c61d264b88081d0c3eee
  AFNetworking: e1d86c2a96bb5d2e7408da36149806706ee122fe
  AGAudioPlayer: e499eaad06139f7255dffae517f5714fdb977009
  Appirater: 8783318c36414e8de3ea023443028df94c1b784b
  AXRatingView: ccaadc1bbda99a4b7e1d556059482d2b933a9f4e
  CPKenburnsSlideshowView: 887150c4538425094c4d459a88fc6c958f01a490
  CPKenburnsView: b464e1e5d6dc92cc51bd2af0587eba687ce393f7
  CrashlyticsFramework: 2f7c515a2d74c8636bf47e761621f2f68193747e
  CrittercismSDK: a8f09d8f1d9fea3bc0714a954a079062c5c9d914
  CSNNotificationObserver: bf3a8781aba027abb16c2f5a63f1a7b1de044d49
  DBGHTMLEntities: df8979bda566bf0ac4a66e6e7c14c005f4552ee9
  DZNEmptyDataSet: 741da409081a4bf707c949c964623a6ad1799772
  EGOCache: f0295dbe041156acabd39021354ad1045ee49e72
  FCFileManager: fd77211e8448b0e9713d51d4f75769d9dc4ceb58
  FreeStreamer: 37e0c8fe1e9fa6ced7349a9b01aaac81b013a814
  FXKeychain: 1a711bddc04a2bd69850dcfe297b8a43027a9980
  GroundControl: fbc762e0097feece7fb6d8cdc8f2747a504a6833
  JSONModel: 6ffcb4ffa3659c9e9a2e5d45d6c7705bab187c03
  KissXML: ce643413d618ad69886d0d43c3792b7dedfe476e
  KVOController: 9fd8f0343670994e4b6f9f0b31f5a45663f3e1cf
  LastFm: 28c752f8e8646531524a123ce7f6722bbfc9d3c5
  LLACircularProgressView: e179b0728217e9013cd07c2fadc7caa0c35b9199
  MarqueeLabel: f03d12e3a1572893f78ecb22aa5dd774099c7208
  NAKPlaybackIndicatorView: 794dd97576fe074bb1844c19ebcbf7509384a47f
  NSMutableArray-Shuffle: 7bdef1418775ba41a66319b9173bda756f6099be
  NSObject-NSCoding: d05f937cc1ea1560294be261ee41d5438ddc7b1b
  ObjectiveSugar: a6a25f23d657c19df0a0b972466d5b5ca9f5295c
  OHActionSheet: 32ebd70a6a275a36bbd0a079b1d0d2814fef963d
  PSUpdateApp: 295919cdc1876f4d91911297c7e9f238aa732220
  Reachability: 33e18b67625424e47b6cde6d202dce689ad7af96
  SDWebImage: 71b7cdc1d1721d6a82ed62889030225f2c249e29
  SVProgressHUD: 748080e4f36e603f6c02aec292664239df5279c1
  SVWebViewController: c36dda7326e81fcae0abf5d02bf7bbf7e41be901
  TDBadgedCell: 8e5314066fd8c2d8b6e3fc5dec824f5ded78bdc5
  TTTAttributedLabel: 6f3174aef8e738f44dff97c2eb7d8184f6ab6277

COCOAPODS: 0.37.1
