PODS:
  - AFNetworking (1.3.4)
  - Appirater (2.0.2)
  - CrashlyticsFramework (2.2.1)
  - FlurrySDK (5.2.0):
    - FlurrySDK/FlurrySDK
  - FlurrySDK/FlurrySDK (5.2.0)
  - FXKeychain (1.5.1)
  - JASidePanels (1.3.2)
  - KissXML (5.0)
  - LastFm (1.15.0):
    - KissXML (~> 5.0)
  - ObjectiveSugar (1.1.0)
  - SVProgressHUD (1.0)
  - SVWebViewController (1.0)
  - TDBadgedCell (HEAD based on 2.6)

DEPENDENCIES:
  - AFNetworking (~> 1.3.2)
  - Appirater
  - CrashlyticsFramework
  - FlurrySDK
  - FXKeychain
  - JASidePanels
  - LastFm
  - ObjectiveSugar
  - SVProgressHUD
  - SVWebViewController
  - TDBadgedCell (HEAD)

SPEC CHECKSUMS:
  AFNetworking: 80c4e0652b08eb34e25b9c0ff3c82556fe5967b4
  Appirater: a5e00fb01d47a9a6acf4b2f22323b4ccf4f23fbb
  CrashlyticsFramework: a9d172599c3a34e68067e16446a764041b980162
  FlurrySDK: 5322b9eb0d0b538f1a1983a6717f3a2e2ba03047
  FXKeychain: beb642a4218ba783507af08865eda05e9b26a612
  JASidePanels: ca943907d88a0738c80755204c6098969d43e4e9
  KissXML: e537c38b18ede903ee6de45953a9bd86c131ebe9
  LastFm: 26cffa0ee5b39a4ad8c9451e882d75ce27036d3e
  ObjectiveSugar: f48793f5902c77cfc02a4ce46d2e8ecddcad4dc2
  SVProgressHUD: 5034c6e22b8c2ca3e09402e48d41ed0340aa1c50
  SVWebViewController: fbf917baa92744c54cfb89a52a4c056e409973a4
  TDBadgedCell: e683b5557d12ea4e28a8d6ac20b6e394abc2c1fe

COCOAPODS: 0.33.1
