PODS:
  - AFNetworkActivityLogger (2.0.3):
    - AFNetworking/NSURLConnection (~> 2.0)
    - AFNetworking/NSURLSession (~> 2.0)
  - AFNetworking (2.5.0):
    - AFNetworking/NSURLConnection (= 2.5.0)
    - AFNetworking/NSURLSession (= 2.5.0)
    - AFNetworking/Reachability (= 2.5.0)
    - AFNetworking/Security (= 2.5.0)
    - AFNetworking/Serialization (= 2.5.0)
    - AFNetworking/UIKit (= 2.5.0)
  - AFNetworking/NSURLConnection (2.5.0):
    - AFNetworking/Reachability
    - AFNetworking/Security
    - AFNetworking/Serialization
  - AFNetworking/NSURLSession (2.5.0):
    - AFNetworking/Reachability
    - AFNetworking/Security
    - AFNetworking/Serialization
  - AFNetworking/Reachability (2.5.0)
  - AFNetworking/Security (2.5.0)
  - AFNetworking/Serialization (2.5.0)
  - AFNetworking/UIKit (2.5.0):
    - AFNetworking/NSURLConnection
    - AFNetworking/NSURLSession
  - Appirater (2.0.4)
  - AXRatingView (1.0.3)
  - CPKenburnsSlideshowView (HEAD based on 1.1.4):
    - CPKenburnsView
  - CPKenburnsView (1.0.1)
  - CrashlyticsFramework (2.2.5.2)
  - CrittercismSDK (5.0.7)
  - CSNNotificationObserver (0.9.2)
  - DBGHTMLEntities (0.2.0)
  - DZNEmptyDataSet (1.4.1)
  - EGOCache (2.1)
  - FCFileManager (1.0.6)
  - FXKeychain (1.5.2)
  - GroundControl (2.1.0):
    - AFNetworking (~> 2.2)
  - JSONModel (1.0.1)
  - KissXML (5.0)
  - KVOController (1.0.3)
  - LastFm (1.15.0):
    - KissXML (~> 5.0)
  - LLACircularProgressView (0.1.1)
  - MarqueeLabel (2.0.8)
  - NAKPlaybackIndicatorView (0.0.3)
  - NSMutableArray-Shuffle (0.4)
  - NSObject-NSCoding (1.0)
  - ObjectiveSugar (1.1.0)
  - OHActionSheet (2.0.1)
  - PSUpdateApp (2.0.5):
    - AFNetworking (~> 2.2)
  - SDWebImage (3.7.1):
    - SDWebImage/Core (= 3.7.1)
  - SDWebImage/Core (3.7.1)
  - StreamingKit (HEAD based on 0.1.25)
  - SVProgressHUD (HEAD based on 1.1.2)
  - SVWebViewController (1.0)
  - TDBadgedCell (HEAD based on 2.6)
  - TTTAttributedLabel (1.11.0)

DEPENDENCIES:
  - AFNetworkActivityLogger
  - AFNetworking
  - Appirater
  - AXRatingView
  - CPKenburnsSlideshowView (HEAD)
  - CrashlyticsFramework
  - CrittercismSDK
  - CSNNotificationObserver
  - DBGHTMLEntities
  - DZNEmptyDataSet
  - EGOCache
  - FCFileManager (~> 1.0.3)
  - FXKeychain
  - GroundControl (~> 2.1.0)
  - JSONModel
  - KVOController
  - LastFm
  - LLACircularProgressView
  - MarqueeLabel
  - NAKPlaybackIndicatorView
  - NSMutableArray-Shuffle (~> 0.4)
  - NSObject-NSCoding (from `https://github.com/alecgorge/NSObject-NSCoding.git`, branch `master`)
  - ObjectiveSugar
  - OHActionSheet
  - PSUpdateApp (from `https://github.com/alecgorge/PSUpdateApp.git`)
  - SDWebImage
  - StreamingKit (HEAD)
  - SVProgressHUD (HEAD)
  - SVWebViewController
  - TDBadgedCell (HEAD)
  - TTTAttributedLabel

EXTERNAL SOURCES:
  NSObject-NSCoding:
    :branch: master
    :git: https://github.com/alecgorge/NSObject-NSCoding.git
  PSUpdateApp:
    :git: https://github.com/alecgorge/PSUpdateApp.git

CHECKOUT OPTIONS:
  NSObject-NSCoding:
    :commit: 7965e5766f076c535c0c9a26dc56034cd292487b
    :git: https://github.com/alecgorge/NSObject-NSCoding.git
  PSUpdateApp:
    :commit: 5c72c0a33ef641d181a9016a3208a01679bf6dc4
    :git: https://github.com/alecgorge/PSUpdateApp.git

SPEC CHECKSUMS:
  AFNetworkActivityLogger: d6a2d2755fada3a1fbf1f490ec0dd92224e092a4
  AFNetworking: 0f54cb5d16ce38c1b76948faffb8d5fb705021c7
  Appirater: cbdb7f305562cfde585300bfff86da01ae559deb
  AXRatingView: 4f6d6c96f6d0efc1deaa6cf493dbb1ffcfa79e55
  CPKenburnsSlideshowView: 7f82d09ab044674bbe7fd0cc3c68be5cebbd5d04
  CPKenburnsView: 451143c38649df6f27f72ad579bf178e690564ba
  CrashlyticsFramework: 4e91082f3019bea7e718e1b67b0a3b56729dbc5d
  CrittercismSDK: 1f1a91c7a51ca8044e675765bde5d2aa97295b1d
  CSNNotificationObserver: b39e735f742fab579c120efa8b9b0010019c9200
  DBGHTMLEntities: da13ded42b3f2c60d89b05657807be1b9c65e0f3
  DZNEmptyDataSet: 381e880cb3bb2d33885cb0325218443df265bc98
  EGOCache: bf414333c425fe47f5182351d1dd47ebf72d8352
  FCFileManager: 30f8a44f324e479fae09bb30ba0c639eacd9f229
  FXKeychain: c97c352f1923809032339514ec4d6b0ed151bc3b
  GroundControl: 2f9024230e41ff5e5a8e3ca060ed1b74883bdd1a
  JSONModel: 634100aaacbd89811bc8a03da209356e5989c569
  KissXML: e537c38b18ede903ee6de45953a9bd86c131ebe9
  KVOController: b1139ef1fc373b6757e4b69493fedd7b56eb1272
  LastFm: 26cffa0ee5b39a4ad8c9451e882d75ce27036d3e
  LLACircularProgressView: 97fb4c9f115367b50c67a1fbafc5c881e7d745ec
  MarqueeLabel: 80ff5069b2b8ccd8678b56af0d8ff08ce417d34c
  NAKPlaybackIndicatorView: 3211fff8fbc229661d4de69e86cef1b9b2e49e41
  NSMutableArray-Shuffle: fc5dc21933a5b868331eecc866409177477a37ce
  NSObject-NSCoding: 073409e0e79ac1a72813cd72ca1acb370ad50287
  ObjectiveSugar: f48793f5902c77cfc02a4ce46d2e8ecddcad4dc2
  OHActionSheet: f7b5008029f0aaea45be5332d2a28441b4308523
  PSUpdateApp: ee6d181405d4ac41a6e569109133e541d254cb9e
  SDWebImage: 116e88633b5b416ea0ca4b334a4ac59cf72dd38d
  StreamingKit: 5b36623e7246cccddb8db3aee79c43bb180a51be
  SVProgressHUD: da7a49e789af645d9279ffbca62318945a832438
  SVWebViewController: fbf917baa92744c54cfb89a52a4c056e409973a4
  TDBadgedCell: e683b5557d12ea4e28a8d6ac20b6e394abc2c1fe
  TTTAttributedLabel: e63baa4d3b8798ea259f5d9f55720002b4bbbd66

COCOAPODS: 0.35.0
