// !$*UTF8*$!
{
	archiveVersion = 1;
	classes = {
	};
	objectVersion = 46;
	objects = {

/* Begin PBXBuildFile section */
		7C02E784180F452E00C01CCB /* SearchViewController.m in Sources */ = {isa = PBXBuildFile; fileRef = 7C02E783180F452E00C01CCB /* SearchViewController.m */; };
		7C02E789180F45C300C01CCB /* SearchDelegate.m in Sources */ = {isa = PBXBuildFile; fileRef = 7C02E788180F45C300C01CCB /* SearchDelegate.m */; };
		7C518C05175D0C32005EB2E7 /* UIKit.framework in Frameworks */ = {isa = PBXBuildFile; fileRef = 7C518C04175D0C32005EB2E7 /* UIKit.framework */; };
		7C518C07175D0C32005EB2E7 /* Foundation.framework in Frameworks */ = {isa = PBXBuildFile; fileRef = 7C518C06175D0C32005EB2E7 /* Foundation.framework */; };
		7C518C09175D0C32005EB2E7 /* CoreGraphics.framework in Frameworks */ = {isa = PBXBuildFile; fileRef = 7C518C08175D0C32005EB2E7 /* CoreGraphics.framework */; };
		7C518C0F175D0C32005EB2E7 /* InfoPlist.strings in Resources */ = {isa = PBXBuildFile; fileRef = 7C518C0D175D0C32005EB2E7 /* InfoPlist.strings */; };
		7C518C11175D0C32005EB2E7 /* main.m in Sources */ = {isa = PBXBuildFile; fileRef = 7C518C10175D0C32005EB2E7 /* main.m */; };
		7C518C15175D0C32005EB2E7 /* AppDelegate.m in Sources */ = {isa = PBXBuildFile; fileRef = 7C518C14175D0C32005EB2E7 /* AppDelegate.m */; };
		7C518C17175D0C32005EB2E7 /* Default.png in Resources */ = {isa = PBXBuildFile; fileRef = 7C518C16175D0C32005EB2E7 /* Default.png */; };
		7C518C19175D0C32005EB2E7 /* Default@2x.png in Resources */ = {isa = PBXBuildFile; fileRef = 7C518C18175D0C32005EB2E7 /* Default@2x.png */; };
		7C518C1B175D0C32005EB2E7 /* Default-568h@2x.png in Resources */ = {isa = PBXBuildFile; fileRef = 7C518C1A175D0C32005EB2E7 /* Default-568h@2x.png */; };
		7C518C26175D1170005EB2E7 /* PhishTracksAPI.m in Sources */ = {isa = PBXBuildFile; fileRef = 7C518C25175D1170005EB2E7 /* PhishTracksAPI.m */; };
		7C518C29175D1386005EB2E7 /* PhishYear.m in Sources */ = {isa = PBXBuildFile; fileRef = 7C518C28175D1386005EB2E7 /* PhishYear.m */; };
		7C518C2C175D13BF005EB2E7 /* PhishShow.m in Sources */ = {isa = PBXBuildFile; fileRef = 7C518C2B175D13BF005EB2E7 /* PhishShow.m */; };
		7C518C2F175D149D005EB2E7 /* PhishSet.m in Sources */ = {isa = PBXBuildFile; fileRef = 7C518C2E175D149D005EB2E7 /* PhishSet.m */; };
		7C518C32175D14CF005EB2E7 /* PhishSong.m in Sources */ = {isa = PBXBuildFile; fileRef = 7C518C31175D14CF005EB2E7 /* PhishSong.m */; };
		7C518C34175D1675005EB2E7 /* MobileCoreServices.framework in Frameworks */ = {isa = PBXBuildFile; fileRef = 7C518C33175D1675005EB2E7 /* MobileCoreServices.framework */; };
		7C518C36175D1679005EB2E7 /* SystemConfiguration.framework in Frameworks */ = {isa = PBXBuildFile; fileRef = 7C518C35175D1679005EB2E7 /* SystemConfiguration.framework */; };
		7C518C39175D2A90005EB2E7 /* YearsViewController.m in Sources */ = {isa = PBXBuildFile; fileRef = 7C518C38175D2A90005EB2E7 /* YearsViewController.m */; };
		7C518C3B175D2AE5005EB2E7 /* AVFoundation.framework in Frameworks */ = {isa = PBXBuildFile; fileRef = 7C518C3A175D2AE5005EB2E7 /* AVFoundation.framework */; };
		7C518C3E175D2C1C005EB2E7 /* FailureHandler.m in Sources */ = {isa = PBXBuildFile; fileRef = 7C518C3D175D2C1B005EB2E7 /* FailureHandler.m */; };
		7C518C41175D2E20005EB2E7 /* YearViewController.m in Sources */ = {isa = PBXBuildFile; fileRef = 7C518C40175D2E20005EB2E7 /* YearViewController.m */; };
		7C518C44175D9C87005EB2E7 /* ShowViewController.m in Sources */ = {isa = PBXBuildFile; fileRef = 7C518C43175D9C87005EB2E7 /* ShowViewController.m */; };
		7C518C4E175DC5AC005EB2E7 /* CFNetwork.framework in Frameworks */ = {isa = PBXBuildFile; fileRef = 7C518C4D175DC5AC005EB2E7 /* CFNetwork.framework */; };
		7C518C50175DC5B2005EB2E7 /* QuartzCore.framework in Frameworks */ = {isa = PBXBuildFile; fileRef = 7C518C4F175DC5B2005EB2E7 /* QuartzCore.framework */; };
		7C518C52175DC937005EB2E7 /* MediaPlayer.framework in Frameworks */ = {isa = PBXBuildFile; fileRef = 7C518C51175DC937005EB2E7 /* MediaPlayer.framework */; };
		7C518C56175DCEDD005EB2E7 /* SettingsViewController.m in Sources */ = {isa = PBXBuildFile; fileRef = 7C518C55175DCEDD005EB2E7 /* SettingsViewController.m */; };
		7C518C69175E59D6005EB2E7 /* PhishNetAPI.m in Sources */ = {isa = PBXBuildFile; fileRef = 7C518C68175E59D6005EB2E7 /* PhishNetAPI.m */; };
		7C518C6D175E5CD8005EB2E7 /* PhishNetSetlist.m in Sources */ = {isa = PBXBuildFile; fileRef = 7C518C6C175E5CD8005EB2E7 /* PhishNetSetlist.m */; };
		7C518C70175E5EE5005EB2E7 /* PhishNetReview.m in Sources */ = {isa = PBXBuildFile; fileRef = 7C518C6F175E5EE5005EB2E7 /* PhishNetReview.m */; };
		7C518C73175E6465005EB2E7 /* ConcertInfoViewController.m in Sources */ = {isa = PBXBuildFile; fileRef = 7C518C72175E6465005EB2E7 /* ConcertInfoViewController.m */; };
		7C518C76175FD224005EB2E7 /* ReviewsViewController.m in Sources */ = {isa = PBXBuildFile; fileRef = 7C518C75175FD224005EB2E7 /* ReviewsViewController.m */; };
		7C60302A182068DA0088F651 /* HomeViewController.m in Sources */ = {isa = PBXBuildFile; fileRef = 7C603029182068DA0088F651 /* HomeViewController.m */; };
		7C60302E18206B320088F651 /* RandomShowViewController.m in Sources */ = {isa = PBXBuildFile; fileRef = 7C60302D18206B320088F651 /* RandomShowViewController.m */; };
		7C658BDC178D2E6C005FD6D0 /* Icon-72.png in Resources */ = {isa = PBXBuildFile; fileRef = 7C658BD2178D2E6C005FD6D0 /* Icon-72.png */; };
		7C658BDD178D2E6C005FD6D0 /* Icon-72@2x.png in Resources */ = {isa = PBXBuildFile; fileRef = 7C658BD3178D2E6C005FD6D0 /* Icon-72@2x.png */; };
		7C658BDE178D2E6C005FD6D0 /* Icon-Small-50.png in Resources */ = {isa = PBXBuildFile; fileRef = 7C658BD4178D2E6C005FD6D0 /* Icon-Small-50.png */; };
		7C658BDF178D2E6C005FD6D0 /* Icon-Small-50@2x.png in Resources */ = {isa = PBXBuildFile; fileRef = 7C658BD5178D2E6C005FD6D0 /* Icon-Small-50@2x.png */; };
		7C658BE0178D2E6C005FD6D0 /* Icon-Small.png in Resources */ = {isa = PBXBuildFile; fileRef = 7C658BD6178D2E6C005FD6D0 /* Icon-Small.png */; };
		7C658BE1178D2E6C005FD6D0 /* Icon-Small@2x.png in Resources */ = {isa = PBXBuildFile; fileRef = 7C658BD7178D2E6C005FD6D0 /* Icon-Small@2x.png */; };
		7C658BE2178D2E6C005FD6D0 /* Icon.png in Resources */ = {isa = PBXBuildFile; fileRef = 7C658BD8178D2E6C005FD6D0 /* Icon.png */; };
		7C658BE3178D2E6C005FD6D0 /* Icon@2x.png in Resources */ = {isa = PBXBuildFile; fileRef = 7C658BD9178D2E6C005FD6D0 /* Icon@2x.png */; };
		7C658BE4178D2E6C005FD6D0 /* iTunesArtwork in Resources */ = {isa = PBXBuildFile; fileRef = 7C658BDA178D2E6C005FD6D0 /* iTunesArtwork */; };
		7C658BE5178D2E6C005FD6D0 /* iTunesArtwork@2x in Resources */ = {isa = PBXBuildFile; fileRef = 7C658BDB178D2E6C005FD6D0 /* iTunesArtwork@2x */; };
		7C658BEA178D378B005FD6D0 /* Default-Landscape~ipad.png in Resources */ = {isa = PBXBuildFile; fileRef = 7C658BE6178D378B005FD6D0 /* Default-Landscape~ipad.png */; };
		7C658BEB178D378B005FD6D0 /* Default-Landscape@2x~ipad.png in Resources */ = {isa = PBXBuildFile; fileRef = 7C658BE7178D378B005FD6D0 /* Default-Landscape@2x~ipad.png */; };
		7C658BEC178D378B005FD6D0 /* Default-Portrait~ipad.png in Resources */ = {isa = PBXBuildFile; fileRef = 7C658BE8178D378B005FD6D0 /* Default-Portrait~ipad.png */; };
		7C658BED178D378B005FD6D0 /* Default-Portrait@2x~ipad.png in Resources */ = {isa = PBXBuildFile; fileRef = 7C658BE9178D378B005FD6D0 /* Default-Portrait@2x~ipad.png */; };
		7C6AE4FE1787BA2300AAED06 /* RefreshableTableViewController.m in Sources */ = {isa = PBXBuildFile; fileRef = 7C6AE4FD1787BA2300AAED06 /* RefreshableTableViewController.m */; };
		7C6AE504178872E500AAED06 /* StreamingMusicViewController.m in Sources */ = {isa = PBXBuildFile; fileRef = 7C6AE502178872E500AAED06 /* StreamingMusicViewController.m */; };
		7C6AE505178872E500AAED06 /* StreamingMusicViewController.xib in Resources */ = {isa = PBXBuildFile; fileRef = 7C6AE503178872E500AAED06 /* StreamingMusicViewController.xib */; };
		7C6AE5111788786E00AAED06 /* StreamingPlaylistItem.m in Sources */ = {isa = PBXBuildFile; fileRef = 7C6AE5101788786E00AAED06 /* StreamingPlaylistItem.m */; };
		7C6AE5151788AFDD00AAED06 /* EventInterceptWindow.m in Sources */ = {isa = PBXBuildFile; fileRef = 7C6AE5141788AFDD00AAED06 /* EventInterceptWindow.m */; };
		7C6AE5171788B97200AAED06 /* Entitlements.plist in Resources */ = {isa = PBXBuildFile; fileRef = 7C6AE5161788B97200AAED06 /* Entitlements.plist */; };
		7C7ED3881800D27A004F55DF /* MenuPanel.m in Sources */ = {isa = PBXBuildFile; fileRef = 7C7ED3871800D27A004F55DF /* MenuPanel.m */; };
		7C7ED39118010620004F55DF /* CoreMedia.framework in Frameworks */ = {isa = PBXBuildFile; fileRef = 7C7ED39018010620004F55DF /* CoreMedia.framework */; };
		7C7ED3941801ABD0004F55DF /* VenueViewController.m in Sources */ = {isa = PBXBuildFile; fileRef = 7C7ED3931801ABD0004F55DF /* VenueViewController.m */; };
		7C7ED3A11801B0FF004F55DF /* close-button.png in Resources */ = {isa = PBXBuildFile; fileRef = 7C7ED3961801B0FF004F55DF /* close-button.png */; };
		7C7ED3A21801B0FF004F55DF /* mappin.png in Resources */ = {isa = PBXBuildFile; fileRef = 7C7ED3971801B0FF004F55DF /* mappin.png */; };
		7C7ED3A31801B0FF004F55DF /* MapPoint.m in Sources */ = {isa = PBXBuildFile; fileRef = 7C7ED3991801B0FF004F55DF /* MapPoint.m */; };
		7C7ED3A41801B0FF004F55DF /* PDLocation.m in Sources */ = {isa = PBXBuildFile; fileRef = 7C7ED39C1801B0FF004F55DF /* PDLocation.m */; };
		7C7ED3A51801B0FF004F55DF /* PDLocationsMapViewController.m in Sources */ = {isa = PBXBuildFile; fileRef = 7C7ED39F1801B0FF004F55DF /* PDLocationsMapViewController.m */; };
		7C7ED3A61801B0FF004F55DF /* PDLocationsMapViewController.xib in Resources */ = {isa = PBXBuildFile; fileRef = 7C7ED3A01801B0FF004F55DF /* PDLocationsMapViewController.xib */; };
		7C7ED3A81801B219004F55DF /* MapKit.framework in Frameworks */ = {isa = PBXBuildFile; fileRef = 7C7ED3A71801B219004F55DF /* MapKit.framework */; };
		7C7ED3AA1801B22F004F55DF /* CoreLocation.framework in Frameworks */ = {isa = PBXBuildFile; fileRef = 7C7ED3A91801B22E004F55DF /* CoreLocation.framework */; };
		7C7ED3B118020BE4004F55DF /* VenuesViewController.m in Sources */ = {isa = PBXBuildFile; fileRef = 7C7ED3B018020BE4004F55DF /* VenuesViewController.m */; };
		7CACD4F417A4585C00E84B28 /* PhishTracksStatsHistoryItem.m in Sources */ = {isa = PBXBuildFile; fileRef = 7CACD4F317A4585C00E84B28 /* PhishTracksStatsHistoryItem.m */; };
		7CACD4F817A45AFC00E84B28 /* PhishTracksStatsViewController.m in Sources */ = {isa = PBXBuildFile; fileRef = 7CACD4F717A45AFC00E84B28 /* PhishTracksStatsViewController.m */; };
		7CACD4FB17A45BD300E84B28 /* 17-bar-chart.png in Resources */ = {isa = PBXBuildFile; fileRef = 7CACD4F917A45BD300E84B28 /* 17-bar-chart.png */; };
		7CACD4FC17A45BD300E84B28 /* 17-bar-chart@2x.png in Resources */ = {isa = PBXBuildFile; fileRef = 7CACD4FA17A45BD300E84B28 /* 17-bar-chart@2x.png */; };
		7CACD4FF17A4658700E84B28 /* GlobalStatsViewController.m in Sources */ = {isa = PBXBuildFile; fileRef = 7CACD4FE17A4658700E84B28 /* GlobalStatsViewController.m */; };
		7CACD50217A4718A00E84B28 /* RotatableTabBarController.m in Sources */ = {isa = PBXBuildFile; fileRef = 7CACD50117A4718A00E84B28 /* RotatableTabBarController.m */; };
		7CADB31A1760352900B80D54 /* PhishNetTopShow.m in Sources */ = {isa = PBXBuildFile; fileRef = 7CADB3191760352900B80D54 /* PhishNetTopShow.m */; };
		7CADB31D176035E100B80D54 /* TopRatedViewController.m in Sources */ = {isa = PBXBuildFile; fileRef = 7CADB31C176035E100B80D54 /* TopRatedViewController.m */; };
		7CADB320176040B200B80D54 /* NSString+stripHTML.m in Sources */ = {isa = PBXBuildFile; fileRef = 7CADB31F176040B200B80D54 /* NSString+stripHTML.m */; };
		7CADB323176043F700B80D54 /* SongsViewController.m in Sources */ = {isa = PBXBuildFile; fileRef = 7CADB322176043F700B80D54 /* SongsViewController.m */; };
		7CADB326176044DF00B80D54 /* SongInstancesViewController.m in Sources */ = {isa = PBXBuildFile; fileRef = 7CADB325176044DF00B80D54 /* SongInstancesViewController.m */; };
		7CADB3291760583D00B80D54 /* Crashlytics.framework in Frameworks */ = {isa = PBXBuildFile; fileRef = 7CADB3281760583D00B80D54 /* Crashlytics.framework */; };
		7CB97EC21805E289004A43EE /* ToursViewController.m in Sources */ = {isa = PBXBuildFile; fileRef = 7CB97EC11805E289004A43EE /* ToursViewController.m */; };
		7CB97EC51805E45B004A43EE /* TourViewController.m in Sources */ = {isa = PBXBuildFile; fileRef = 7CB97EC41805E45B004A43EE /* TourViewController.m */; };
		7CC165FF180F5EB700F72F0D /* PhishinEra.m in Sources */ = {isa = PBXBuildFile; fileRef = 7CC165EA180F5EB700F72F0D /* PhishinEra.m */; };
		7CC16600180F5EB700F72F0D /* PhishinSearchResults.m in Sources */ = {isa = PBXBuildFile; fileRef = 7CC165EC180F5EB700F72F0D /* PhishinSearchResults.m */; };
		7CC16601180F5EB700F72F0D /* PhishinSet.m in Sources */ = {isa = PBXBuildFile; fileRef = 7CC165EE180F5EB700F72F0D /* PhishinSet.m */; };
		7CC16602180F5EB700F72F0D /* PhishinShow.m in Sources */ = {isa = PBXBuildFile; fileRef = 7CC165F0180F5EB700F72F0D /* PhishinShow.m */; };
		7CC16603180F5EB700F72F0D /* PhishinSong.m in Sources */ = {isa = PBXBuildFile; fileRef = 7CC165F2180F5EB700F72F0D /* PhishinSong.m */; };
		7CC16604180F5EB700F72F0D /* PhishinStreamingPlaylistItem.m in Sources */ = {isa = PBXBuildFile; fileRef = 7CC165F4180F5EB700F72F0D /* PhishinStreamingPlaylistItem.m */; };
		7CC16605180F5EB700F72F0D /* PhishinTour.m in Sources */ = {isa = PBXBuildFile; fileRef = 7CC165F6180F5EB700F72F0D /* PhishinTour.m */; };
		7CC16606180F5EB700F72F0D /* PhishinTrack.m in Sources */ = {isa = PBXBuildFile; fileRef = 7CC165F8180F5EB700F72F0D /* PhishinTrack.m */; };
		7CC16607180F5EB700F72F0D /* PhishinVenue.m in Sources */ = {isa = PBXBuildFile; fileRef = 7CC165FA180F5EB700F72F0D /* PhishinVenue.m */; };
		7CC16608180F5EB700F72F0D /* PhishinYear.m in Sources */ = {isa = PBXBuildFile; fileRef = 7CC165FC180F5EB700F72F0D /* PhishinYear.m */; };
		7CC16609180F5EB700F72F0D /* PhishinAPI.m in Sources */ = {isa = PBXBuildFile; fileRef = 7CC165FE180F5EB700F72F0D /* PhishinAPI.m */; };
		7CC91A5A179F75FB0047DFF3 /* PhishTracksStats.m in Sources */ = {isa = PBXBuildFile; fileRef = 7CC91A59179F75FB0047DFF3 /* PhishTracksStats.m */; };
		7CC91A60179F875A0047DFF3 /* jQuery.m in Sources */ = {isa = PBXBuildFile; fileRef = 7CC91A5C179F875A0047DFF3 /* jQuery.m */; };
		7CC91A6617A07D0F0047DFF3 /* jquery2.min.js in Resources */ = {isa = PBXBuildFile; fileRef = 7CC91A5D179F875A0047DFF3 /* jquery2.min.js */; };
		7CC91A6717A07D0F0047DFF3 /* jQueryAPI.js in Resources */ = {isa = PBXBuildFile; fileRef = 7CC91A5E179F875A0047DFF3 /* jQueryAPI.js */; };
		7CC91A6817A07D0F0047DFF3 /* NativeBridge.js in Resources */ = {isa = PBXBuildFile; fileRef = 7CC91A5F179F875A0047DFF3 /* NativeBridge.js */; };
		7CC91A6917A07D130047DFF3 /* scrape_jams.js in Resources */ = {isa = PBXBuildFile; fileRef = 7C1B438917984D8D00CB1255 /* scrape_jams.js */; };
		7CC91A7417A091210047DFF3 /* 19-gear.png in Resources */ = {isa = PBXBuildFile; fileRef = 7CC91A6A17A091210047DFF3 /* 19-gear.png */; };
		7CC91A7517A091210047DFF3 /* 19-gear@2x.png in Resources */ = {isa = PBXBuildFile; fileRef = 7CC91A6B17A091210047DFF3 /* 19-gear@2x.png */; };
		7CC91A7617A091210047DFF3 /* 28-star.png in Resources */ = {isa = PBXBuildFile; fileRef = 7CC91A6C17A091210047DFF3 /* 28-star.png */; };
		7CC91A7717A091210047DFF3 /* 28-star@2x.png in Resources */ = {isa = PBXBuildFile; fileRef = 7CC91A6D17A091210047DFF3 /* 28-star@2x.png */; };
		7CC91A7817A091210047DFF3 /* 44-shoebox.png in Resources */ = {isa = PBXBuildFile; fileRef = 7CC91A6E17A091210047DFF3 /* 44-shoebox.png */; };
		7CC91A7917A091210047DFF3 /* 44-shoebox@2x.png in Resources */ = {isa = PBXBuildFile; fileRef = 7CC91A6F17A091210047DFF3 /* 44-shoebox@2x.png */; };
		7CC91A7A17A091210047DFF3 /* 83-calendar.png in Resources */ = {isa = PBXBuildFile; fileRef = 7CC91A7017A091210047DFF3 /* 83-calendar.png */; };
		7CC91A7B17A091210047DFF3 /* 83-calendar@2x.png in Resources */ = {isa = PBXBuildFile; fileRef = 7CC91A7117A091210047DFF3 /* 83-calendar@2x.png */; };
		7CC91A7C17A091210047DFF3 /* 194-note-2.png in Resources */ = {isa = PBXBuildFile; fileRef = 7CC91A7217A091210047DFF3 /* 194-note-2.png */; };
		7CC91A7D17A091210047DFF3 /* 194-note-2@2x.png in Resources */ = {isa = PBXBuildFile; fileRef = 7CC91A7317A091210047DFF3 /* 194-note-2@2x.png */; };
		7CC91A8617A091530047DFF3 /* glyphicons_172_rewind.png in Resources */ = {isa = PBXBuildFile; fileRef = 7CC91A7E17A091530047DFF3 /* glyphicons_172_rewind.png */; };
		7CC91A8717A091530047DFF3 /* glyphicons_172_rewind@2x.png in Resources */ = {isa = PBXBuildFile; fileRef = 7CC91A7F17A091530047DFF3 /* glyphicons_172_rewind@2x.png */; };
		7CC91A8817A091530047DFF3 /* glyphicons_173_play.png in Resources */ = {isa = PBXBuildFile; fileRef = 7CC91A8017A091530047DFF3 /* glyphicons_173_play.png */; };
		7CC91A8917A091530047DFF3 /* glyphicons_173_play@2x.png in Resources */ = {isa = PBXBuildFile; fileRef = 7CC91A8117A091530047DFF3 /* glyphicons_173_play@2x.png */; };
		7CC91A8A17A091530047DFF3 /* glyphicons_174_pause.png in Resources */ = {isa = PBXBuildFile; fileRef = 7CC91A8217A091530047DFF3 /* glyphicons_174_pause.png */; };
		7CC91A8B17A091530047DFF3 /* glyphicons_174_pause@2x.png in Resources */ = {isa = PBXBuildFile; fileRef = 7CC91A8317A091530047DFF3 /* glyphicons_174_pause@2x.png */; };
		7CC91A8C17A091530047DFF3 /* glyphicons_176_forward.png in Resources */ = {isa = PBXBuildFile; fileRef = 7CC91A8417A091530047DFF3 /* glyphicons_176_forward.png */; };
		7CC91A8D17A091530047DFF3 /* glyphicons_176_forward@2x.png in Resources */ = {isa = PBXBuildFile; fileRef = 7CC91A8517A091530047DFF3 /* glyphicons_176_forward@2x.png */; };
		7CC91A9017A093030047DFF3 /* 08-chat.png in Resources */ = {isa = PBXBuildFile; fileRef = 7CC91A8E17A093030047DFF3 /* 08-chat.png */; };
		7CC91A9117A093030047DFF3 /* 08-chat@2x.png in Resources */ = {isa = PBXBuildFile; fileRef = 7CC91A8F17A093030047DFF3 /* 08-chat@2x.png */; };
		7CC91A9417A093D40047DFF3 /* glyphicons_151_new_window.png in Resources */ = {isa = PBXBuildFile; fileRef = 7CC91A9217A093D40047DFF3 /* glyphicons_151_new_window.png */; };
		7CC91A9517A093D40047DFF3 /* glyphicons_151_new_window@2x.png in Resources */ = {isa = PBXBuildFile; fileRef = 7CC91A9317A093D40047DFF3 /* glyphicons_151_new_window@2x.png */; };
		C54ED74618201CF1007D4261 /* Configurations.plist in Resources */ = {isa = PBXBuildFile; fileRef = C54ED74518201CF1007D4261 /* Configurations.plist */; };
		C54ED74918201FF8007D4261 /* Configuration.m in Sources */ = {isa = PBXBuildFile; fileRef = C54ED74818201FF8007D4261 /* Configuration.m */; };
		EBE1977BC8824EE298E82496 /* libPods.a in Frameworks */ = {isa = PBXBuildFile; fileRef = A7BC2DD37E37437D9490C12C /* libPods.a */; };
/* End PBXBuildFile section */

/* Begin PBXFileReference section */
		0835065E67C54644AE7E0BA1 /* Pods.xcconfig */ = {isa = PBXFileReference; includeInIndex = 1; lastKnownFileType = text.xcconfig; name = Pods.xcconfig; path = Pods/Pods.xcconfig; sourceTree = SOURCE_ROOT; };
		7C02E782180F452E00C01CCB /* SearchViewController.h */ = {isa = PBXFileReference; fileEncoding = 4; lastKnownFileType = sourcecode.c.h; name = SearchViewController.h; path = ../SearchViewController.h; sourceTree = "<group>"; };
		7C02E783180F452E00C01CCB /* SearchViewController.m */ = {isa = PBXFileReference; fileEncoding = 4; lastKnownFileType = sourcecode.c.objc; name = SearchViewController.m; path = ../SearchViewController.m; sourceTree = "<group>"; };
		7C02E787180F45C300C01CCB /* SearchDelegate.h */ = {isa = PBXFileReference; fileEncoding = 4; lastKnownFileType = sourcecode.c.h; path = SearchDelegate.h; sourceTree = "<group>"; };
		7C02E788180F45C300C01CCB /* SearchDelegate.m */ = {isa = PBXFileReference; fileEncoding = 4; lastKnownFileType = sourcecode.c.objc; path = SearchDelegate.m; sourceTree = "<group>"; };
		7C1B438917984D8D00CB1255 /* scrape_jams.js */ = {isa = PBXFileReference; fileEncoding = 4; lastKnownFileType = sourcecode.javascript; path = scrape_jams.js; sourceTree = "<group>"; };
		7C518C01175D0C32005EB2E7 /* Phish OD.app */ = {isa = PBXFileReference; explicitFileType = wrapper.application; includeInIndex = 0; path = "Phish OD.app"; sourceTree = BUILT_PRODUCTS_DIR; };
		7C518C04175D0C32005EB2E7 /* UIKit.framework */ = {isa = PBXFileReference; lastKnownFileType = wrapper.framework; name = UIKit.framework; path = System/Library/Frameworks/UIKit.framework; sourceTree = SDKROOT; };
		7C518C06175D0C32005EB2E7 /* Foundation.framework */ = {isa = PBXFileReference; lastKnownFileType = wrapper.framework; name = Foundation.framework; path = System/Library/Frameworks/Foundation.framework; sourceTree = SDKROOT; };
		7C518C08175D0C32005EB2E7 /* CoreGraphics.framework */ = {isa = PBXFileReference; lastKnownFileType = wrapper.framework; name = CoreGraphics.framework; path = System/Library/Frameworks/CoreGraphics.framework; sourceTree = SDKROOT; };
		7C518C0C175D0C32005EB2E7 /* Phish Tracks-Info.plist */ = {isa = PBXFileReference; lastKnownFileType = text.plist.xml; path = "Phish Tracks-Info.plist"; sourceTree = "<group>"; };
		7C518C0E175D0C32005EB2E7 /* en */ = {isa = PBXFileReference; lastKnownFileType = text.plist.strings; name = en; path = en.lproj/InfoPlist.strings; sourceTree = "<group>"; };
		7C518C10175D0C32005EB2E7 /* main.m */ = {isa = PBXFileReference; lastKnownFileType = sourcecode.c.objc; path = main.m; sourceTree = "<group>"; };
		7C518C12175D0C32005EB2E7 /* Phish Tracks-Prefix.pch */ = {isa = PBXFileReference; lastKnownFileType = sourcecode.c.h; path = "Phish Tracks-Prefix.pch"; sourceTree = "<group>"; };
		7C518C13175D0C32005EB2E7 /* AppDelegate.h */ = {isa = PBXFileReference; lastKnownFileType = sourcecode.c.h; path = AppDelegate.h; sourceTree = "<group>"; };
		7C518C14175D0C32005EB2E7 /* AppDelegate.m */ = {isa = PBXFileReference; lastKnownFileType = sourcecode.c.objc; lineEnding = 0; path = AppDelegate.m; sourceTree = "<group>"; xcLanguageSpecificationIdentifier = xcode.lang.objc; };
		7C518C16175D0C32005EB2E7 /* Default.png */ = {isa = PBXFileReference; lastKnownFileType = image.png; path = Default.png; sourceTree = "<group>"; };
		7C518C18175D0C32005EB2E7 /* Default@2x.png */ = {isa = PBXFileReference; lastKnownFileType = image.png; path = "Default@2x.png"; sourceTree = "<group>"; };
		7C518C1A175D0C32005EB2E7 /* Default-568h@2x.png */ = {isa = PBXFileReference; lastKnownFileType = image.png; path = "Default-568h@2x.png"; sourceTree = "<group>"; };
		7C518C24175D1170005EB2E7 /* PhishTracksAPI.h */ = {isa = PBXFileReference; fileEncoding = 4; lastKnownFileType = sourcecode.c.h; path = PhishTracksAPI.h; sourceTree = "<group>"; };
		7C518C25175D1170005EB2E7 /* PhishTracksAPI.m */ = {isa = PBXFileReference; fileEncoding = 4; lastKnownFileType = sourcecode.c.objc; lineEnding = 0; path = PhishTracksAPI.m; sourceTree = "<group>"; xcLanguageSpecificationIdentifier = xcode.lang.objc; };
		7C518C27175D1386005EB2E7 /* PhishYear.h */ = {isa = PBXFileReference; fileEncoding = 4; lastKnownFileType = sourcecode.c.h; path = PhishYear.h; sourceTree = "<group>"; };
		7C518C28175D1386005EB2E7 /* PhishYear.m */ = {isa = PBXFileReference; fileEncoding = 4; lastKnownFileType = sourcecode.c.objc; path = PhishYear.m; sourceTree = "<group>"; };
		7C518C2A175D13BF005EB2E7 /* PhishShow.h */ = {isa = PBXFileReference; fileEncoding = 4; lastKnownFileType = sourcecode.c.h; path = PhishShow.h; sourceTree = "<group>"; };
		7C518C2B175D13BF005EB2E7 /* PhishShow.m */ = {isa = PBXFileReference; fileEncoding = 4; lastKnownFileType = sourcecode.c.objc; path = PhishShow.m; sourceTree = "<group>"; };
		7C518C2D175D149D005EB2E7 /* PhishSet.h */ = {isa = PBXFileReference; fileEncoding = 4; lastKnownFileType = sourcecode.c.h; path = PhishSet.h; sourceTree = "<group>"; };
		7C518C2E175D149D005EB2E7 /* PhishSet.m */ = {isa = PBXFileReference; fileEncoding = 4; lastKnownFileType = sourcecode.c.objc; path = PhishSet.m; sourceTree = "<group>"; };
		7C518C30175D14CF005EB2E7 /* PhishSong.h */ = {isa = PBXFileReference; fileEncoding = 4; lastKnownFileType = sourcecode.c.h; path = PhishSong.h; sourceTree = "<group>"; };
		7C518C31175D14CF005EB2E7 /* PhishSong.m */ = {isa = PBXFileReference; fileEncoding = 4; lastKnownFileType = sourcecode.c.objc; path = PhishSong.m; sourceTree = "<group>"; };
		7C518C33175D1675005EB2E7 /* MobileCoreServices.framework */ = {isa = PBXFileReference; lastKnownFileType = wrapper.framework; name = MobileCoreServices.framework; path = System/Library/Frameworks/MobileCoreServices.framework; sourceTree = SDKROOT; };
		7C518C35175D1679005EB2E7 /* SystemConfiguration.framework */ = {isa = PBXFileReference; lastKnownFileType = wrapper.framework; name = SystemConfiguration.framework; path = System/Library/Frameworks/SystemConfiguration.framework; sourceTree = SDKROOT; };
		7C518C37175D2A90005EB2E7 /* YearsViewController.h */ = {isa = PBXFileReference; fileEncoding = 4; lastKnownFileType = sourcecode.c.h; path = YearsViewController.h; sourceTree = "<group>"; };
		7C518C38175D2A90005EB2E7 /* YearsViewController.m */ = {isa = PBXFileReference; fileEncoding = 4; lastKnownFileType = sourcecode.c.objc; path = YearsViewController.m; sourceTree = "<group>"; };
		7C518C3A175D2AE5005EB2E7 /* AVFoundation.framework */ = {isa = PBXFileReference; lastKnownFileType = wrapper.framework; name = AVFoundation.framework; path = System/Library/Frameworks/AVFoundation.framework; sourceTree = SDKROOT; };
		7C518C3C175D2C1B005EB2E7 /* FailureHandler.h */ = {isa = PBXFileReference; fileEncoding = 4; lastKnownFileType = sourcecode.c.h; path = FailureHandler.h; sourceTree = "<group>"; };
		7C518C3D175D2C1B005EB2E7 /* FailureHandler.m */ = {isa = PBXFileReference; fileEncoding = 4; lastKnownFileType = sourcecode.c.objc; path = FailureHandler.m; sourceTree = "<group>"; };
		7C518C3F175D2E20005EB2E7 /* YearViewController.h */ = {isa = PBXFileReference; fileEncoding = 4; lastKnownFileType = sourcecode.c.h; path = YearViewController.h; sourceTree = "<group>"; };
		7C518C40175D2E20005EB2E7 /* YearViewController.m */ = {isa = PBXFileReference; fileEncoding = 4; lastKnownFileType = sourcecode.c.objc; path = YearViewController.m; sourceTree = "<group>"; };
		7C518C42175D9C87005EB2E7 /* ShowViewController.h */ = {isa = PBXFileReference; fileEncoding = 4; lastKnownFileType = sourcecode.c.h; path = ShowViewController.h; sourceTree = "<group>"; };
		7C518C43175D9C87005EB2E7 /* ShowViewController.m */ = {isa = PBXFileReference; fileEncoding = 4; lastKnownFileType = sourcecode.c.objc; path = ShowViewController.m; sourceTree = "<group>"; };
		7C518C4B175DC59E005EB2E7 /* Reveal.framework */ = {isa = PBXFileReference; lastKnownFileType = wrapper.framework; name = Reveal.framework; path = "../../../../../../Applications/Reveal.app/Contents/SharedSupport/iOS-Libraries/Reveal.framework"; sourceTree = "<group>"; };
		7C518C4D175DC5AC005EB2E7 /* CFNetwork.framework */ = {isa = PBXFileReference; lastKnownFileType = wrapper.framework; name = CFNetwork.framework; path = System/Library/Frameworks/CFNetwork.framework; sourceTree = SDKROOT; };
		7C518C4F175DC5B2005EB2E7 /* QuartzCore.framework */ = {isa = PBXFileReference; lastKnownFileType = wrapper.framework; name = QuartzCore.framework; path = System/Library/Frameworks/QuartzCore.framework; sourceTree = SDKROOT; };
		7C518C51175DC937005EB2E7 /* MediaPlayer.framework */ = {isa = PBXFileReference; lastKnownFileType = wrapper.framework; name = MediaPlayer.framework; path = System/Library/Frameworks/MediaPlayer.framework; sourceTree = SDKROOT; };
		7C518C54175DCEDD005EB2E7 /* SettingsViewController.h */ = {isa = PBXFileReference; fileEncoding = 4; lastKnownFileType = sourcecode.c.h; path = SettingsViewController.h; sourceTree = "<group>"; };
		7C518C55175DCEDD005EB2E7 /* SettingsViewController.m */ = {isa = PBXFileReference; fileEncoding = 4; lastKnownFileType = sourcecode.c.objc; path = SettingsViewController.m; sourceTree = "<group>"; };
		7C518C57175DDCE8005EB2E7 /* ColorSpaceUtils.h */ = {isa = PBXFileReference; lastKnownFileType = sourcecode.c.h; path = ColorSpaceUtils.h; sourceTree = "<group>"; };
		7C518C67175E59D6005EB2E7 /* PhishNetAPI.h */ = {isa = PBXFileReference; fileEncoding = 4; lastKnownFileType = sourcecode.c.h; path = PhishNetAPI.h; sourceTree = "<group>"; };
		7C518C68175E59D6005EB2E7 /* PhishNetAPI.m */ = {isa = PBXFileReference; fileEncoding = 4; lastKnownFileType = sourcecode.c.objc; lineEnding = 0; path = PhishNetAPI.m; sourceTree = "<group>"; xcLanguageSpecificationIdentifier = xcode.lang.objc; };
		7C518C6B175E5CD8005EB2E7 /* PhishNetSetlist.h */ = {isa = PBXFileReference; fileEncoding = 4; lastKnownFileType = sourcecode.c.h; path = PhishNetSetlist.h; sourceTree = "<group>"; };
		7C518C6C175E5CD8005EB2E7 /* PhishNetSetlist.m */ = {isa = PBXFileReference; fileEncoding = 4; lastKnownFileType = sourcecode.c.objc; path = PhishNetSetlist.m; sourceTree = "<group>"; };
		7C518C6E175E5EE5005EB2E7 /* PhishNetReview.h */ = {isa = PBXFileReference; fileEncoding = 4; lastKnownFileType = sourcecode.c.h; path = PhishNetReview.h; sourceTree = "<group>"; };
		7C518C6F175E5EE5005EB2E7 /* PhishNetReview.m */ = {isa = PBXFileReference; fileEncoding = 4; lastKnownFileType = sourcecode.c.objc; path = PhishNetReview.m; sourceTree = "<group>"; };
		7C518C71175E6465005EB2E7 /* ConcertInfoViewController.h */ = {isa = PBXFileReference; fileEncoding = 4; lastKnownFileType = sourcecode.c.h; path = ConcertInfoViewController.h; sourceTree = "<group>"; };
		7C518C72175E6465005EB2E7 /* ConcertInfoViewController.m */ = {isa = PBXFileReference; fileEncoding = 4; lastKnownFileType = sourcecode.c.objc; path = ConcertInfoViewController.m; sourceTree = "<group>"; };
		7C518C74175FD224005EB2E7 /* ReviewsViewController.h */ = {isa = PBXFileReference; fileEncoding = 4; lastKnownFileType = sourcecode.c.h; path = ReviewsViewController.h; sourceTree = "<group>"; };
		7C518C75175FD224005EB2E7 /* ReviewsViewController.m */ = {isa = PBXFileReference; fileEncoding = 4; lastKnownFileType = sourcecode.c.objc; path = ReviewsViewController.m; sourceTree = "<group>"; };
		7C603028182068DA0088F651 /* HomeViewController.h */ = {isa = PBXFileReference; fileEncoding = 4; lastKnownFileType = sourcecode.c.h; name = HomeViewController.h; path = Phish.in/Models/HomeViewController.h; sourceTree = "<group>"; };
		7C603029182068DA0088F651 /* HomeViewController.m */ = {isa = PBXFileReference; fileEncoding = 4; lastKnownFileType = sourcecode.c.objc; name = HomeViewController.m; path = Phish.in/Models/HomeViewController.m; sourceTree = "<group>"; };
		7C60302C18206B320088F651 /* RandomShowViewController.h */ = {isa = PBXFileReference; fileEncoding = 4; lastKnownFileType = sourcecode.c.h; path = RandomShowViewController.h; sourceTree = "<group>"; };
		7C60302D18206B320088F651 /* RandomShowViewController.m */ = {isa = PBXFileReference; fileEncoding = 4; lastKnownFileType = sourcecode.c.objc; path = RandomShowViewController.m; sourceTree = "<group>"; };
		7C658BD2178D2E6C005FD6D0 /* Icon-72.png */ = {isa = PBXFileReference; lastKnownFileType = image.png; path = "Icon-72.png"; sourceTree = "<group>"; };
		7C658BD3178D2E6C005FD6D0 /* Icon-72@2x.png */ = {isa = PBXFileReference; lastKnownFileType = image.png; path = "Icon-72@2x.png"; sourceTree = "<group>"; };
		7C658BD4178D2E6C005FD6D0 /* Icon-Small-50.png */ = {isa = PBXFileReference; lastKnownFileType = image.png; path = "Icon-Small-50.png"; sourceTree = "<group>"; };
		7C658BD5178D2E6C005FD6D0 /* Icon-Small-50@2x.png */ = {isa = PBXFileReference; lastKnownFileType = image.png; path = "Icon-Small-50@2x.png"; sourceTree = "<group>"; };
		7C658BD6178D2E6C005FD6D0 /* Icon-Small.png */ = {isa = PBXFileReference; lastKnownFileType = image.png; path = "Icon-Small.png"; sourceTree = "<group>"; };
		7C658BD7178D2E6C005FD6D0 /* Icon-Small@2x.png */ = {isa = PBXFileReference; lastKnownFileType = image.png; path = "Icon-Small@2x.png"; sourceTree = "<group>"; };
		7C658BD8178D2E6C005FD6D0 /* Icon.png */ = {isa = PBXFileReference; lastKnownFileType = image.png; path = Icon.png; sourceTree = "<group>"; };
		7C658BD9178D2E6C005FD6D0 /* Icon@2x.png */ = {isa = PBXFileReference; lastKnownFileType = image.png; path = "Icon@2x.png"; sourceTree = "<group>"; };
		7C658BDA178D2E6C005FD6D0 /* iTunesArtwork */ = {isa = PBXFileReference; lastKnownFileType = file; path = iTunesArtwork; sourceTree = "<group>"; };
		7C658BDB178D2E6C005FD6D0 /* iTunesArtwork@2x */ = {isa = PBXFileReference; lastKnownFileType = file; path = "iTunesArtwork@2x"; sourceTree = "<group>"; };
		7C658BE6178D378B005FD6D0 /* Default-Landscape~ipad.png */ = {isa = PBXFileReference; lastKnownFileType = image.png; path = "Default-Landscape~ipad.png"; sourceTree = "<group>"; };
		7C658BE7178D378B005FD6D0 /* Default-Landscape@2x~ipad.png */ = {isa = PBXFileReference; lastKnownFileType = image.png; path = "Default-Landscape@2x~ipad.png"; sourceTree = "<group>"; };
		7C658BE8178D378B005FD6D0 /* Default-Portrait~ipad.png */ = {isa = PBXFileReference; lastKnownFileType = image.png; path = "Default-Portrait~ipad.png"; sourceTree = "<group>"; };
		7C658BE9178D378B005FD6D0 /* Default-Portrait@2x~ipad.png */ = {isa = PBXFileReference; lastKnownFileType = image.png; path = "Default-Portrait@2x~ipad.png"; sourceTree = "<group>"; };
		7C6AE4FC1787BA2300AAED06 /* RefreshableTableViewController.h */ = {isa = PBXFileReference; fileEncoding = 4; lastKnownFileType = sourcecode.c.h; path = RefreshableTableViewController.h; sourceTree = "<group>"; };
		7C6AE4FD1787BA2300AAED06 /* RefreshableTableViewController.m */ = {isa = PBXFileReference; fileEncoding = 4; lastKnownFileType = sourcecode.c.objc; path = RefreshableTableViewController.m; sourceTree = "<group>"; };
		7C6AE4FF1787BCBC00AAED06 /* Refreshable.h */ = {isa = PBXFileReference; lastKnownFileType = sourcecode.c.h; path = Refreshable.h; sourceTree = "<group>"; };
		7C6AE501178872E500AAED06 /* StreamingMusicViewController.h */ = {isa = PBXFileReference; fileEncoding = 4; lastKnownFileType = sourcecode.c.h; path = StreamingMusicViewController.h; sourceTree = "<group>"; };
		7C6AE502178872E500AAED06 /* StreamingMusicViewController.m */ = {isa = PBXFileReference; fileEncoding = 4; lastKnownFileType = sourcecode.c.objc; path = StreamingMusicViewController.m; sourceTree = "<group>"; };
		7C6AE503178872E500AAED06 /* StreamingMusicViewController.xib */ = {isa = PBXFileReference; fileEncoding = 4; lastKnownFileType = file.xib; path = StreamingMusicViewController.xib; sourceTree = "<group>"; };
		7C6AE50F1788786E00AAED06 /* StreamingPlaylistItem.h */ = {isa = PBXFileReference; fileEncoding = 4; lastKnownFileType = sourcecode.c.h; path = StreamingPlaylistItem.h; sourceTree = "<group>"; };
		7C6AE5101788786E00AAED06 /* StreamingPlaylistItem.m */ = {isa = PBXFileReference; fileEncoding = 4; lastKnownFileType = sourcecode.c.objc; path = StreamingPlaylistItem.m; sourceTree = "<group>"; };
		7C6AE5131788AFDD00AAED06 /* EventInterceptWindow.h */ = {isa = PBXFileReference; fileEncoding = 4; lastKnownFileType = sourcecode.c.h; path = EventInterceptWindow.h; sourceTree = "<group>"; };
		7C6AE5141788AFDD00AAED06 /* EventInterceptWindow.m */ = {isa = PBXFileReference; fileEncoding = 4; lastKnownFileType = sourcecode.c.objc; path = EventInterceptWindow.m; sourceTree = "<group>"; };
		7C6AE5161788B97200AAED06 /* Entitlements.plist */ = {isa = PBXFileReference; fileEncoding = 4; lastKnownFileType = text.plist.xml; path = Entitlements.plist; sourceTree = "<group>"; };
		7C7ED3861800D27A004F55DF /* MenuPanel.h */ = {isa = PBXFileReference; fileEncoding = 4; lastKnownFileType = sourcecode.c.h; path = MenuPanel.h; sourceTree = "<group>"; };
		7C7ED3871800D27A004F55DF /* MenuPanel.m */ = {isa = PBXFileReference; fileEncoding = 4; lastKnownFileType = sourcecode.c.objc; path = MenuPanel.m; sourceTree = "<group>"; };
		7C7ED39018010620004F55DF /* CoreMedia.framework */ = {isa = PBXFileReference; lastKnownFileType = wrapper.framework; name = CoreMedia.framework; path = System/Library/Frameworks/CoreMedia.framework; sourceTree = SDKROOT; };
		7C7ED3921801ABD0004F55DF /* VenueViewController.h */ = {isa = PBXFileReference; fileEncoding = 4; lastKnownFileType = sourcecode.c.h; path = VenueViewController.h; sourceTree = "<group>"; };
		7C7ED3931801ABD0004F55DF /* VenueViewController.m */ = {isa = PBXFileReference; fileEncoding = 4; lastKnownFileType = sourcecode.c.objc; path = VenueViewController.m; sourceTree = "<group>"; };
		7C7ED3961801B0FF004F55DF /* close-button.png */ = {isa = PBXFileReference; lastKnownFileType = image.png; path = "close-button.png"; sourceTree = "<group>"; };
		7C7ED3971801B0FF004F55DF /* mappin.png */ = {isa = PBXFileReference; lastKnownFileType = image.png; path = mappin.png; sourceTree = "<group>"; };
		7C7ED3981801B0FF004F55DF /* MapPoint.h */ = {isa = PBXFileReference; fileEncoding = 4; lastKnownFileType = sourcecode.c.h; path = MapPoint.h; sourceTree = "<group>"; };
		7C7ED3991801B0FF004F55DF /* MapPoint.m */ = {isa = PBXFileReference; fileEncoding = 4; lastKnownFileType = sourcecode.c.objc; path = MapPoint.m; sourceTree = "<group>"; };
		7C7ED39B1801B0FF004F55DF /* PDLocation.h */ = {isa = PBXFileReference; fileEncoding = 4; lastKnownFileType = sourcecode.c.h; path = PDLocation.h; sourceTree = "<group>"; };
		7C7ED39C1801B0FF004F55DF /* PDLocation.m */ = {isa = PBXFileReference; fileEncoding = 4; lastKnownFileType = sourcecode.c.objc; path = PDLocation.m; sourceTree = "<group>"; };
		7C7ED39D1801B0FF004F55DF /* PDLocationsMap.h */ = {isa = PBXFileReference; fileEncoding = 4; lastKnownFileType = sourcecode.c.h; path = PDLocationsMap.h; sourceTree = "<group>"; };
		7C7ED39E1801B0FF004F55DF /* PDLocationsMapViewController.h */ = {isa = PBXFileReference; fileEncoding = 4; lastKnownFileType = sourcecode.c.h; path = PDLocationsMapViewController.h; sourceTree = "<group>"; };
		7C7ED39F1801B0FF004F55DF /* PDLocationsMapViewController.m */ = {isa = PBXFileReference; fileEncoding = 4; lastKnownFileType = sourcecode.c.objc; path = PDLocationsMapViewController.m; sourceTree = "<group>"; };
		7C7ED3A01801B0FF004F55DF /* PDLocationsMapViewController.xib */ = {isa = PBXFileReference; fileEncoding = 4; lastKnownFileType = file.xib; path = PDLocationsMapViewController.xib; sourceTree = "<group>"; };
		7C7ED3A71801B219004F55DF /* MapKit.framework */ = {isa = PBXFileReference; lastKnownFileType = wrapper.framework; name = MapKit.framework; path = System/Library/Frameworks/MapKit.framework; sourceTree = SDKROOT; };
		7C7ED3A91801B22E004F55DF /* CoreLocation.framework */ = {isa = PBXFileReference; lastKnownFileType = wrapper.framework; name = CoreLocation.framework; path = System/Library/Frameworks/CoreLocation.framework; sourceTree = SDKROOT; };
		7C7ED3AF18020BE4004F55DF /* VenuesViewController.h */ = {isa = PBXFileReference; fileEncoding = 4; lastKnownFileType = sourcecode.c.h; path = VenuesViewController.h; sourceTree = "<group>"; };
		7C7ED3B018020BE4004F55DF /* VenuesViewController.m */ = {isa = PBXFileReference; fileEncoding = 4; lastKnownFileType = sourcecode.c.objc; path = VenuesViewController.m; sourceTree = "<group>"; };
		7CACD4F217A4585C00E84B28 /* PhishTracksStatsHistoryItem.h */ = {isa = PBXFileReference; fileEncoding = 4; lastKnownFileType = sourcecode.c.h; path = PhishTracksStatsHistoryItem.h; sourceTree = "<group>"; };
		7CACD4F317A4585C00E84B28 /* PhishTracksStatsHistoryItem.m */ = {isa = PBXFileReference; fileEncoding = 4; lastKnownFileType = sourcecode.c.objc; path = PhishTracksStatsHistoryItem.m; sourceTree = "<group>"; };
		7CACD4F617A45AFC00E84B28 /* PhishTracksStatsViewController.h */ = {isa = PBXFileReference; fileEncoding = 4; lastKnownFileType = sourcecode.c.h; path = PhishTracksStatsViewController.h; sourceTree = "<group>"; };
		7CACD4F717A45AFC00E84B28 /* PhishTracksStatsViewController.m */ = {isa = PBXFileReference; fileEncoding = 4; lastKnownFileType = sourcecode.c.objc; path = PhishTracksStatsViewController.m; sourceTree = "<group>"; };
		7CACD4F917A45BD300E84B28 /* 17-bar-chart.png */ = {isa = PBXFileReference; lastKnownFileType = image.png; path = "17-bar-chart.png"; sourceTree = "<group>"; };
		7CACD4FA17A45BD300E84B28 /* 17-bar-chart@2x.png */ = {isa = PBXFileReference; lastKnownFileType = image.png; path = "17-bar-chart@2x.png"; sourceTree = "<group>"; };
		7CACD4FD17A4658700E84B28 /* GlobalStatsViewController.h */ = {isa = PBXFileReference; fileEncoding = 4; lastKnownFileType = sourcecode.c.h; path = GlobalStatsViewController.h; sourceTree = "<group>"; };
		7CACD4FE17A4658700E84B28 /* GlobalStatsViewController.m */ = {isa = PBXFileReference; fileEncoding = 4; lastKnownFileType = sourcecode.c.objc; path = GlobalStatsViewController.m; sourceTree = "<group>"; };
		7CACD50017A4718900E84B28 /* RotatableTabBarController.h */ = {isa = PBXFileReference; fileEncoding = 4; lastKnownFileType = sourcecode.c.h; path = RotatableTabBarController.h; sourceTree = "<group>"; };
		7CACD50117A4718A00E84B28 /* RotatableTabBarController.m */ = {isa = PBXFileReference; fileEncoding = 4; lastKnownFileType = sourcecode.c.objc; path = RotatableTabBarController.m; sourceTree = "<group>"; };
		7CADB3181760352900B80D54 /* PhishNetTopShow.h */ = {isa = PBXFileReference; fileEncoding = 4; lastKnownFileType = sourcecode.c.h; path = PhishNetTopShow.h; sourceTree = "<group>"; };
		7CADB3191760352900B80D54 /* PhishNetTopShow.m */ = {isa = PBXFileReference; fileEncoding = 4; lastKnownFileType = sourcecode.c.objc; path = PhishNetTopShow.m; sourceTree = "<group>"; };
		7CADB31B176035E100B80D54 /* TopRatedViewController.h */ = {isa = PBXFileReference; fileEncoding = 4; lastKnownFileType = sourcecode.c.h; path = TopRatedViewController.h; sourceTree = "<group>"; };
		7CADB31C176035E100B80D54 /* TopRatedViewController.m */ = {isa = PBXFileReference; fileEncoding = 4; lastKnownFileType = sourcecode.c.objc; path = TopRatedViewController.m; sourceTree = "<group>"; };
		7CADB31E176040B200B80D54 /* NSString+stripHTML.h */ = {isa = PBXFileReference; fileEncoding = 4; lastKnownFileType = sourcecode.c.h; path = "NSString+stripHTML.h"; sourceTree = "<group>"; };
		7CADB31F176040B200B80D54 /* NSString+stripHTML.m */ = {isa = PBXFileReference; fileEncoding = 4; lastKnownFileType = sourcecode.c.objc; lineEnding = 0; path = "NSString+stripHTML.m"; sourceTree = "<group>"; xcLanguageSpecificationIdentifier = xcode.lang.objc; };
		7CADB321176043F700B80D54 /* SongsViewController.h */ = {isa = PBXFileReference; fileEncoding = 4; lastKnownFileType = sourcecode.c.h; path = SongsViewController.h; sourceTree = "<group>"; };
		7CADB322176043F700B80D54 /* SongsViewController.m */ = {isa = PBXFileReference; fileEncoding = 4; lastKnownFileType = sourcecode.c.objc; path = SongsViewController.m; sourceTree = "<group>"; };
		7CADB324176044DF00B80D54 /* SongInstancesViewController.h */ = {isa = PBXFileReference; fileEncoding = 4; lastKnownFileType = sourcecode.c.h; path = SongInstancesViewController.h; sourceTree = "<group>"; };
		7CADB325176044DF00B80D54 /* SongInstancesViewController.m */ = {isa = PBXFileReference; fileEncoding = 4; lastKnownFileType = sourcecode.c.objc; path = SongInstancesViewController.m; sourceTree = "<group>"; };
		7CADB3281760583D00B80D54 /* Crashlytics.framework */ = {isa = PBXFileReference; lastKnownFileType = wrapper.framework; path = Crashlytics.framework; sourceTree = "<group>"; };
		7CB97EC01805E289004A43EE /* ToursViewController.h */ = {isa = PBXFileReference; fileEncoding = 4; lastKnownFileType = sourcecode.c.h; name = ToursViewController.h; path = ../ToursViewController.h; sourceTree = "<group>"; };
		7CB97EC11805E289004A43EE /* ToursViewController.m */ = {isa = PBXFileReference; fileEncoding = 4; lastKnownFileType = sourcecode.c.objc; name = ToursViewController.m; path = ../ToursViewController.m; sourceTree = "<group>"; };
		7CB97EC31805E45B004A43EE /* TourViewController.h */ = {isa = PBXFileReference; fileEncoding = 4; lastKnownFileType = sourcecode.c.h; path = TourViewController.h; sourceTree = "<group>"; };
		7CB97EC41805E45B004A43EE /* TourViewController.m */ = {isa = PBXFileReference; fileEncoding = 4; lastKnownFileType = sourcecode.c.objc; path = TourViewController.m; sourceTree = "<group>"; };
		7CC165E9180F5EB700F72F0D /* PhishinEra.h */ = {isa = PBXFileReference; fileEncoding = 4; lastKnownFileType = sourcecode.c.h; path = PhishinEra.h; sourceTree = "<group>"; };
		7CC165EA180F5EB700F72F0D /* PhishinEra.m */ = {isa = PBXFileReference; fileEncoding = 4; lastKnownFileType = sourcecode.c.objc; path = PhishinEra.m; sourceTree = "<group>"; };
		7CC165EB180F5EB700F72F0D /* PhishinSearchResults.h */ = {isa = PBXFileReference; fileEncoding = 4; lastKnownFileType = sourcecode.c.h; path = PhishinSearchResults.h; sourceTree = "<group>"; };
		7CC165EC180F5EB700F72F0D /* PhishinSearchResults.m */ = {isa = PBXFileReference; fileEncoding = 4; lastKnownFileType = sourcecode.c.objc; path = PhishinSearchResults.m; sourceTree = "<group>"; };
		7CC165ED180F5EB700F72F0D /* PhishinSet.h */ = {isa = PBXFileReference; fileEncoding = 4; lastKnownFileType = sourcecode.c.h; path = PhishinSet.h; sourceTree = "<group>"; };
		7CC165EE180F5EB700F72F0D /* PhishinSet.m */ = {isa = PBXFileReference; fileEncoding = 4; lastKnownFileType = sourcecode.c.objc; path = PhishinSet.m; sourceTree = "<group>"; };
		7CC165EF180F5EB700F72F0D /* PhishinShow.h */ = {isa = PBXFileReference; fileEncoding = 4; lastKnownFileType = sourcecode.c.h; path = PhishinShow.h; sourceTree = "<group>"; };
		7CC165F0180F5EB700F72F0D /* PhishinShow.m */ = {isa = PBXFileReference; fileEncoding = 4; lastKnownFileType = sourcecode.c.objc; path = PhishinShow.m; sourceTree = "<group>"; };
		7CC165F1180F5EB700F72F0D /* PhishinSong.h */ = {isa = PBXFileReference; fileEncoding = 4; lastKnownFileType = sourcecode.c.h; path = PhishinSong.h; sourceTree = "<group>"; };
		7CC165F2180F5EB700F72F0D /* PhishinSong.m */ = {isa = PBXFileReference; fileEncoding = 4; lastKnownFileType = sourcecode.c.objc; path = PhishinSong.m; sourceTree = "<group>"; };
		7CC165F3180F5EB700F72F0D /* PhishinStreamingPlaylistItem.h */ = {isa = PBXFileReference; fileEncoding = 4; lastKnownFileType = sourcecode.c.h; path = PhishinStreamingPlaylistItem.h; sourceTree = "<group>"; };
		7CC165F4180F5EB700F72F0D /* PhishinStreamingPlaylistItem.m */ = {isa = PBXFileReference; fileEncoding = 4; lastKnownFileType = sourcecode.c.objc; path = PhishinStreamingPlaylistItem.m; sourceTree = "<group>"; };
		7CC165F5180F5EB700F72F0D /* PhishinTour.h */ = {isa = PBXFileReference; fileEncoding = 4; lastKnownFileType = sourcecode.c.h; path = PhishinTour.h; sourceTree = "<group>"; };
		7CC165F6180F5EB700F72F0D /* PhishinTour.m */ = {isa = PBXFileReference; fileEncoding = 4; lastKnownFileType = sourcecode.c.objc; path = PhishinTour.m; sourceTree = "<group>"; };
		7CC165F7180F5EB700F72F0D /* PhishinTrack.h */ = {isa = PBXFileReference; fileEncoding = 4; lastKnownFileType = sourcecode.c.h; path = PhishinTrack.h; sourceTree = "<group>"; };
		7CC165F8180F5EB700F72F0D /* PhishinTrack.m */ = {isa = PBXFileReference; fileEncoding = 4; lastKnownFileType = sourcecode.c.objc; path = PhishinTrack.m; sourceTree = "<group>"; };
		7CC165F9180F5EB700F72F0D /* PhishinVenue.h */ = {isa = PBXFileReference; fileEncoding = 4; lastKnownFileType = sourcecode.c.h; path = PhishinVenue.h; sourceTree = "<group>"; };
		7CC165FA180F5EB700F72F0D /* PhishinVenue.m */ = {isa = PBXFileReference; fileEncoding = 4; lastKnownFileType = sourcecode.c.objc; path = PhishinVenue.m; sourceTree = "<group>"; };
		7CC165FB180F5EB700F72F0D /* PhishinYear.h */ = {isa = PBXFileReference; fileEncoding = 4; lastKnownFileType = sourcecode.c.h; path = PhishinYear.h; sourceTree = "<group>"; };
		7CC165FC180F5EB700F72F0D /* PhishinYear.m */ = {isa = PBXFileReference; fileEncoding = 4; lastKnownFileType = sourcecode.c.objc; path = PhishinYear.m; sourceTree = "<group>"; };
		7CC165FD180F5EB700F72F0D /* PhishinAPI.h */ = {isa = PBXFileReference; fileEncoding = 4; lastKnownFileType = sourcecode.c.h; path = PhishinAPI.h; sourceTree = "<group>"; };
		7CC165FE180F5EB700F72F0D /* PhishinAPI.m */ = {isa = PBXFileReference; fileEncoding = 4; lastKnownFileType = sourcecode.c.objc; path = PhishinAPI.m; sourceTree = "<group>"; };
		7CC91A58179F75FB0047DFF3 /* PhishTracksStats.h */ = {isa = PBXFileReference; fileEncoding = 4; lastKnownFileType = sourcecode.c.h; path = PhishTracksStats.h; sourceTree = "<group>"; };
		7CC91A59179F75FB0047DFF3 /* PhishTracksStats.m */ = {isa = PBXFileReference; fileEncoding = 4; lastKnownFileType = sourcecode.c.objc; path = PhishTracksStats.m; sourceTree = "<group>"; };
		7CC91A5B179F875A0047DFF3 /* jQuery.h */ = {isa = PBXFileReference; fileEncoding = 4; lastKnownFileType = sourcecode.c.h; path = jQuery.h; sourceTree = "<group>"; };
		7CC91A5C179F875A0047DFF3 /* jQuery.m */ = {isa = PBXFileReference; fileEncoding = 4; lastKnownFileType = sourcecode.c.objc; path = jQuery.m; sourceTree = "<group>"; };
		7CC91A5D179F875A0047DFF3 /* jquery2.min.js */ = {isa = PBXFileReference; fileEncoding = 4; lastKnownFileType = sourcecode.javascript; path = jquery2.min.js; sourceTree = "<group>"; };
		7CC91A5E179F875A0047DFF3 /* jQueryAPI.js */ = {isa = PBXFileReference; fileEncoding = 4; lastKnownFileType = sourcecode.javascript; path = jQueryAPI.js; sourceTree = "<group>"; };
		7CC91A5F179F875A0047DFF3 /* NativeBridge.js */ = {isa = PBXFileReference; fileEncoding = 4; lastKnownFileType = sourcecode.javascript; path = NativeBridge.js; sourceTree = "<group>"; };
		7CC91A6A17A091210047DFF3 /* 19-gear.png */ = {isa = PBXFileReference; lastKnownFileType = image.png; path = "19-gear.png"; sourceTree = "<group>"; };
		7CC91A6B17A091210047DFF3 /* 19-gear@2x.png */ = {isa = PBXFileReference; lastKnownFileType = image.png; path = "19-gear@2x.png"; sourceTree = "<group>"; };
		7CC91A6C17A091210047DFF3 /* 28-star.png */ = {isa = PBXFileReference; lastKnownFileType = image.png; path = "28-star.png"; sourceTree = "<group>"; };
		7CC91A6D17A091210047DFF3 /* 28-star@2x.png */ = {isa = PBXFileReference; lastKnownFileType = image.png; path = "28-star@2x.png"; sourceTree = "<group>"; };
		7CC91A6E17A091210047DFF3 /* 44-shoebox.png */ = {isa = PBXFileReference; lastKnownFileType = image.png; path = "44-shoebox.png"; sourceTree = "<group>"; };
		7CC91A6F17A091210047DFF3 /* 44-shoebox@2x.png */ = {isa = PBXFileReference; lastKnownFileType = image.png; path = "44-shoebox@2x.png"; sourceTree = "<group>"; };
		7CC91A7017A091210047DFF3 /* 83-calendar.png */ = {isa = PBXFileReference; lastKnownFileType = image.png; path = "83-calendar.png"; sourceTree = "<group>"; };
		7CC91A7117A091210047DFF3 /* 83-calendar@2x.png */ = {isa = PBXFileReference; lastKnownFileType = image.png; path = "83-calendar@2x.png"; sourceTree = "<group>"; };
		7CC91A7217A091210047DFF3 /* 194-note-2.png */ = {isa = PBXFileReference; lastKnownFileType = image.png; path = "194-note-2.png"; sourceTree = "<group>"; };
		7CC91A7317A091210047DFF3 /* 194-note-2@2x.png */ = {isa = PBXFileReference; lastKnownFileType = image.png; path = "194-note-2@2x.png"; sourceTree = "<group>"; };
		7CC91A7E17A091530047DFF3 /* glyphicons_172_rewind.png */ = {isa = PBXFileReference; lastKnownFileType = image.png; path = glyphicons_172_rewind.png; sourceTree = "<group>"; };
		7CC91A7F17A091530047DFF3 /* glyphicons_172_rewind@2x.png */ = {isa = PBXFileReference; lastKnownFileType = image.png; path = "glyphicons_172_rewind@2x.png"; sourceTree = "<group>"; };
		7CC91A8017A091530047DFF3 /* glyphicons_173_play.png */ = {isa = PBXFileReference; lastKnownFileType = image.png; path = glyphicons_173_play.png; sourceTree = "<group>"; };
		7CC91A8117A091530047DFF3 /* glyphicons_173_play@2x.png */ = {isa = PBXFileReference; lastKnownFileType = image.png; path = "glyphicons_173_play@2x.png"; sourceTree = "<group>"; };
		7CC91A8217A091530047DFF3 /* glyphicons_174_pause.png */ = {isa = PBXFileReference; lastKnownFileType = image.png; path = glyphicons_174_pause.png; sourceTree = "<group>"; };
		7CC91A8317A091530047DFF3 /* glyphicons_174_pause@2x.png */ = {isa = PBXFileReference; lastKnownFileType = image.png; path = "glyphicons_174_pause@2x.png"; sourceTree = "<group>"; };
		7CC91A8417A091530047DFF3 /* glyphicons_176_forward.png */ = {isa = PBXFileReference; lastKnownFileType = image.png; path = glyphicons_176_forward.png; sourceTree = "<group>"; };
		7CC91A8517A091530047DFF3 /* glyphicons_176_forward@2x.png */ = {isa = PBXFileReference; lastKnownFileType = image.png; path = "glyphicons_176_forward@2x.png"; sourceTree = "<group>"; };
		7CC91A8E17A093030047DFF3 /* 08-chat.png */ = {isa = PBXFileReference; lastKnownFileType = image.png; path = "08-chat.png"; sourceTree = "<group>"; };
		7CC91A8F17A093030047DFF3 /* 08-chat@2x.png */ = {isa = PBXFileReference; lastKnownFileType = image.png; path = "08-chat@2x.png"; sourceTree = "<group>"; };
		7CC91A9217A093D40047DFF3 /* glyphicons_151_new_window.png */ = {isa = PBXFileReference; lastKnownFileType = image.png; path = glyphicons_151_new_window.png; sourceTree = "<group>"; };
		7CC91A9317A093D40047DFF3 /* glyphicons_151_new_window@2x.png */ = {isa = PBXFileReference; lastKnownFileType = image.png; path = "glyphicons_151_new_window@2x.png"; sourceTree = "<group>"; };
		A7BC2DD37E37437D9490C12C /* libPods.a */ = {isa = PBXFileReference; explicitFileType = archive.ar; includeInIndex = 0; path = libPods.a; sourceTree = BUILT_PRODUCTS_DIR; };
		C54ED74518201CF1007D4261 /* Configurations.plist */ = {isa = PBXFileReference; fileEncoding = 4; lastKnownFileType = text.plist.xml; path = Configurations.plist; sourceTree = "<group>"; };
		C54ED74718201FF8007D4261 /* Configuration.h */ = {isa = PBXFileReference; fileEncoding = 4; lastKnownFileType = sourcecode.c.h; path = Configuration.h; sourceTree = "<group>"; usesTabs = 1; };
		C54ED74818201FF8007D4261 /* Configuration.m */ = {isa = PBXFileReference; fileEncoding = 4; lastKnownFileType = sourcecode.c.objc; path = Configuration.m; sourceTree = "<group>"; usesTabs = 1; };
/* End PBXFileReference section */

/* Begin PBXFrameworksBuildPhase section */
		7C518BFE175D0C32005EB2E7 /* Frameworks */ = {
			isa = PBXFrameworksBuildPhase;
			buildActionMask = 2147483647;
			files = (
				7C7ED3AA1801B22F004F55DF /* CoreLocation.framework in Frameworks */,
				7C7ED3A81801B219004F55DF /* MapKit.framework in Frameworks */,
				7C7ED39118010620004F55DF /* CoreMedia.framework in Frameworks */,
				7C518C52175DC937005EB2E7 /* MediaPlayer.framework in Frameworks */,
				7C518C50175DC5B2005EB2E7 /* QuartzCore.framework in Frameworks */,
				7C518C4E175DC5AC005EB2E7 /* CFNetwork.framework in Frameworks */,
				7C518C3B175D2AE5005EB2E7 /* AVFoundation.framework in Frameworks */,
				7C518C36175D1679005EB2E7 /* SystemConfiguration.framework in Frameworks */,
				7C518C34175D1675005EB2E7 /* MobileCoreServices.framework in Frameworks */,
				7C518C05175D0C32005EB2E7 /* UIKit.framework in Frameworks */,
				7C518C07175D0C32005EB2E7 /* Foundation.framework in Frameworks */,
				7C518C09175D0C32005EB2E7 /* CoreGraphics.framework in Frameworks */,
				EBE1977BC8824EE298E82496 /* libPods.a in Frameworks */,
				7CADB3291760583D00B80D54 /* Crashlytics.framework in Frameworks */,
			);
			runOnlyForDeploymentPostprocessing = 0;
		};
/* End PBXFrameworksBuildPhase section */

/* Begin PBXGroup section */
		7C02E785180F455100C01CCB /* Tours Tab */ = {
			isa = PBXGroup;
			children = (
				7CB97EC31805E45B004A43EE /* TourViewController.h */,
				7CB97EC41805E45B004A43EE /* TourViewController.m */,
				7CB97EC01805E289004A43EE /* ToursViewController.h */,
				7CB97EC11805E289004A43EE /* ToursViewController.m */,
			);
			name = "Tours Tab";
			sourceTree = "<group>";
		};
		7C02E786180F456000C01CCB /* Search Tab */ = {
			isa = PBXGroup;
			children = (
				7C02E782180F452E00C01CCB /* SearchViewController.h */,
				7C02E783180F452E00C01CCB /* SearchViewController.m */,
				7C02E787180F45C300C01CCB /* SearchDelegate.h */,
				7C02E788180F45C300C01CCB /* SearchDelegate.m */,
			);
			name = "Search Tab";
			sourceTree = "<group>";
		};
		7C1B438817984D6A00CB1255 /* Jam Charts */ = {
			isa = PBXGroup;
			children = (
				7C1B438917984D8D00CB1255 /* scrape_jams.js */,
			);
			name = "Jam Charts";
			sourceTree = "<group>";
		};
		7C518BF8175D0C32005EB2E7 = {
			isa = PBXGroup;
			children = (
				7C518C0A175D0C32005EB2E7 /* Phish Tracks */,
				7C518C03175D0C32005EB2E7 /* Frameworks */,
				7C518C02175D0C32005EB2E7 /* Products */,
				0835065E67C54644AE7E0BA1 /* Pods.xcconfig */,
			);
			sourceTree = "<group>";
		};
		7C518C02175D0C32005EB2E7 /* Products */ = {
			isa = PBXGroup;
			children = (
				7C518C01175D0C32005EB2E7 /* Phish OD.app */,
			);
			name = Products;
			sourceTree = "<group>";
		};
		7C518C03175D0C32005EB2E7 /* Frameworks */ = {
			isa = PBXGroup;
			children = (
				7C7ED3A91801B22E004F55DF /* CoreLocation.framework */,
				7C7ED3A71801B219004F55DF /* MapKit.framework */,
				7C7ED3951801B0F2004F55DF /* PLLocationsMap */,
				7C7ED39018010620004F55DF /* CoreMedia.framework */,
				7CADB3281760583D00B80D54 /* Crashlytics.framework */,
				7C518C51175DC937005EB2E7 /* MediaPlayer.framework */,
				7C518C4F175DC5B2005EB2E7 /* QuartzCore.framework */,
				7C518C4D175DC5AC005EB2E7 /* CFNetwork.framework */,
				7C518C4B175DC59E005EB2E7 /* Reveal.framework */,
				7C518C3A175D2AE5005EB2E7 /* AVFoundation.framework */,
				7C518C35175D1679005EB2E7 /* SystemConfiguration.framework */,
				7C518C33175D1675005EB2E7 /* MobileCoreServices.framework */,
				7C518C04175D0C32005EB2E7 /* UIKit.framework */,
				7C518C06175D0C32005EB2E7 /* Foundation.framework */,
				7C518C08175D0C32005EB2E7 /* CoreGraphics.framework */,
				A7BC2DD37E37437D9490C12C /* libPods.a */,
			);
			name = Frameworks;
			sourceTree = "<group>";
		};
		7C518C0A175D0C32005EB2E7 /* Phish Tracks */ = {
			isa = PBXGroup;
			children = (
				7C6AE5001788725800AAED06 /* MediaPlayer */,
				7C7ED38C1800FDD4004F55DF /* New MediaPlayer */,
				7C7ED3851800D259004F55DF /* Panels */,
				7C518C23175D115A005EB2E7 /* API */,
				7C518C13175D0C32005EB2E7 /* AppDelegate.h */,
				7C518C14175D0C32005EB2E7 /* AppDelegate.m */,
				7C518C0B175D0C32005EB2E7 /* Supporting Files */,
				7CACD50017A4718900E84B28 /* RotatableTabBarController.h */,
				7CACD50117A4718A00E84B28 /* RotatableTabBarController.m */,
			);
			path = "Phish Tracks";
			sourceTree = "<group>";
		};
		7C518C0B175D0C32005EB2E7 /* Supporting Files */ = {
			isa = PBXGroup;
			children = (
				7C6AE5121788AFCD00AAED06 /* EventInterceptingWindow */,
				7C6AE4FB1787BA1700AAED06 /* RefreshableTableView */,
				7CADB33817610E9000B80D54 /* Icons */,
				7C518C0C175D0C32005EB2E7 /* Phish Tracks-Info.plist */,
				7C518C0D175D0C32005EB2E7 /* InfoPlist.strings */,
				7C518C10175D0C32005EB2E7 /* main.m */,
				7C518C12175D0C32005EB2E7 /* Phish Tracks-Prefix.pch */,
				7C518C16175D0C32005EB2E7 /* Default.png */,
				7C518C18175D0C32005EB2E7 /* Default@2x.png */,
				7C518C1A175D0C32005EB2E7 /* Default-568h@2x.png */,
				7C658BE6178D378B005FD6D0 /* Default-Landscape~ipad.png */,
				7C658BE7178D378B005FD6D0 /* Default-Landscape@2x~ipad.png */,
				7C658BE8178D378B005FD6D0 /* Default-Portrait~ipad.png */,
				7C658BE9178D378B005FD6D0 /* Default-Portrait@2x~ipad.png */,
				7C518C3C175D2C1B005EB2E7 /* FailureHandler.h */,
				7C518C3D175D2C1B005EB2E7 /* FailureHandler.m */,
				7C518C57175DDCE8005EB2E7 /* ColorSpaceUtils.h */,
				7CADB31E176040B200B80D54 /* NSString+stripHTML.h */,
				7CADB31F176040B200B80D54 /* NSString+stripHTML.m */,
				7C6AE5161788B97200AAED06 /* Entitlements.plist */,
				C54ED74518201CF1007D4261 /* Configurations.plist */,
				C54ED74718201FF8007D4261 /* Configuration.h */,
				C54ED74818201FF8007D4261 /* Configuration.m */,
			);
			name = "Supporting Files";
			sourceTree = "<group>";
		};
		7C518C21175D0C4E005EB2E7 /* Year Tab */ = {
			isa = PBXGroup;
			children = (
				7C518C37175D2A90005EB2E7 /* YearsViewController.h */,
				7C518C38175D2A90005EB2E7 /* YearsViewController.m */,
				7C518C3F175D2E20005EB2E7 /* YearViewController.h */,
				7C518C40175D2E20005EB2E7 /* YearViewController.m */,
				7C518C77175FD229005EB2E7 /* Show */,
			);
			name = "Year Tab";
			sourceTree = "<group>";
		};
		7C518C22175D0C62005EB2E7 /* Song Tab */ = {
			isa = PBXGroup;
			children = (
				7C1B438817984D6A00CB1255 /* Jam Charts */,
				7CADB321176043F700B80D54 /* SongsViewController.h */,
				7CADB322176043F700B80D54 /* SongsViewController.m */,
				7CADB324176044DF00B80D54 /* SongInstancesViewController.h */,
				7CADB325176044DF00B80D54 /* SongInstancesViewController.m */,
			);
			name = "Song Tab";
			sourceTree = "<group>";
		};
		7C518C23175D115A005EB2E7 /* API */ = {
			isa = PBXGroup;
			children = (
				7CC165E7180F5EB700F72F0D /* Phish.in */,
				7CC91A57179F75E40047DFF3 /* PhishTracks Stats */,
				7C518C66175E59C1005EB2E7 /* Phish.Net */,
				7C518C65175E59AE005EB2E7 /* PhishTracks */,
			);
			name = API;
			sourceTree = "<group>";
		};
		7C518C53175DCEC7005EB2E7 /* Settings Tab */ = {
			isa = PBXGroup;
			children = (
				7C518C54175DCEDD005EB2E7 /* SettingsViewController.h */,
				7C518C55175DCEDD005EB2E7 /* SettingsViewController.m */,
			);
			name = "Settings Tab";
			sourceTree = "<group>";
		};
		7C518C64175E59A0005EB2E7 /* Models */ = {
			isa = PBXGroup;
			children = (
				7C518C27175D1386005EB2E7 /* PhishYear.h */,
				7C518C28175D1386005EB2E7 /* PhishYear.m */,
				7C518C2A175D13BF005EB2E7 /* PhishShow.h */,
				7C518C2B175D13BF005EB2E7 /* PhishShow.m */,
				7C518C2D175D149D005EB2E7 /* PhishSet.h */,
				7C518C2E175D149D005EB2E7 /* PhishSet.m */,
				7C518C30175D14CF005EB2E7 /* PhishSong.h */,
				7C518C31175D14CF005EB2E7 /* PhishSong.m */,
			);
			name = Models;
			sourceTree = "<group>";
		};
		7C518C65175E59AE005EB2E7 /* PhishTracks */ = {
			isa = PBXGroup;
			children = (
				7C518C24175D1170005EB2E7 /* PhishTracksAPI.h */,
				7C518C25175D1170005EB2E7 /* PhishTracksAPI.m */,
				7C518C64175E59A0005EB2E7 /* Models */,
			);
			name = PhishTracks;
			sourceTree = "<group>";
		};
		7C518C66175E59C1005EB2E7 /* Phish.Net */ = {
			isa = PBXGroup;
			children = (
				7C518C6A175E5C97005EB2E7 /* Models */,
				7C518C67175E59D6005EB2E7 /* PhishNetAPI.h */,
				7C518C68175E59D6005EB2E7 /* PhishNetAPI.m */,
				7CC91A5B179F875A0047DFF3 /* jQuery.h */,
				7CC91A5C179F875A0047DFF3 /* jQuery.m */,
				7CC91A5D179F875A0047DFF3 /* jquery2.min.js */,
				7CC91A5E179F875A0047DFF3 /* jQueryAPI.js */,
				7CC91A5F179F875A0047DFF3 /* NativeBridge.js */,
			);
			name = Phish.Net;
			sourceTree = "<group>";
		};
		7C518C6A175E5C97005EB2E7 /* Models */ = {
			isa = PBXGroup;
			children = (
				7C518C6B175E5CD8005EB2E7 /* PhishNetSetlist.h */,
				7C518C6C175E5CD8005EB2E7 /* PhishNetSetlist.m */,
				7C518C6E175E5EE5005EB2E7 /* PhishNetReview.h */,
				7C518C6F175E5EE5005EB2E7 /* PhishNetReview.m */,
				7CADB3181760352900B80D54 /* PhishNetTopShow.h */,
				7CADB3191760352900B80D54 /* PhishNetTopShow.m */,
			);
			name = Models;
			sourceTree = "<group>";
		};
		7C518C77175FD229005EB2E7 /* Show */ = {
			isa = PBXGroup;
			children = (
				7C518C42175D9C87005EB2E7 /* ShowViewController.h */,
				7C518C43175D9C87005EB2E7 /* ShowViewController.m */,
				7C518C71175E6465005EB2E7 /* ConcertInfoViewController.h */,
				7C518C72175E6465005EB2E7 /* ConcertInfoViewController.m */,
				7C518C74175FD224005EB2E7 /* ReviewsViewController.h */,
				7C518C75175FD224005EB2E7 /* ReviewsViewController.m */,
			);
			name = Show;
			sourceTree = "<group>";
		};
		7C60302B18206B1F0088F651 /* Random Show Tab */ = {
			isa = PBXGroup;
			children = (
				7C60302C18206B320088F651 /* RandomShowViewController.h */,
				7C60302D18206B320088F651 /* RandomShowViewController.m */,
			);
			name = "Random Show Tab";
			sourceTree = "<group>";
		};
		7C6AE4FB1787BA1700AAED06 /* RefreshableTableView */ = {
			isa = PBXGroup;
			children = (
				7C6AE4FF1787BCBC00AAED06 /* Refreshable.h */,
				7C6AE4FC1787BA2300AAED06 /* RefreshableTableViewController.h */,
				7C6AE4FD1787BA2300AAED06 /* RefreshableTableViewController.m */,
			);
			name = RefreshableTableView;
			sourceTree = "<group>";
		};
		7C6AE5001788725800AAED06 /* MediaPlayer */ = {
			isa = PBXGroup;
			children = (
				7C6AE50E1788785900AAED06 /* icons */,
				7C6AE501178872E500AAED06 /* StreamingMusicViewController.h */,
				7C6AE502178872E500AAED06 /* StreamingMusicViewController.m */,
				7C6AE503178872E500AAED06 /* StreamingMusicViewController.xib */,
				7C6AE50F1788786E00AAED06 /* StreamingPlaylistItem.h */,
				7C6AE5101788786E00AAED06 /* StreamingPlaylistItem.m */,
			);
			name = MediaPlayer;
			sourceTree = "<group>";
		};
		7C6AE50E1788785900AAED06 /* icons */ = {
			isa = PBXGroup;
			children = (
				7CC91A7E17A091530047DFF3 /* glyphicons_172_rewind.png */,
				7CC91A7F17A091530047DFF3 /* glyphicons_172_rewind@2x.png */,
				7CC91A8017A091530047DFF3 /* glyphicons_173_play.png */,
				7CC91A8117A091530047DFF3 /* glyphicons_173_play@2x.png */,
				7CC91A8217A091530047DFF3 /* glyphicons_174_pause.png */,
				7CC91A8317A091530047DFF3 /* glyphicons_174_pause@2x.png */,
				7CC91A8417A091530047DFF3 /* glyphicons_176_forward.png */,
				7CC91A8517A091530047DFF3 /* glyphicons_176_forward@2x.png */,
			);
			name = icons;
			sourceTree = "<group>";
		};
		7C6AE5121788AFCD00AAED06 /* EventInterceptingWindow */ = {
			isa = PBXGroup;
			children = (
				7C6AE5131788AFDD00AAED06 /* EventInterceptWindow.h */,
				7C6AE5141788AFDD00AAED06 /* EventInterceptWindow.m */,
			);
			name = EventInterceptingWindow;
			sourceTree = "<group>";
		};
		7C7ED3851800D259004F55DF /* Panels */ = {
			isa = PBXGroup;
			children = (
				7C60302B18206B1F0088F651 /* Random Show Tab */,
				7C02E785180F455100C01CCB /* Tours Tab */,
				7C02E786180F456000C01CCB /* Search Tab */,
				7C7ED3AE18020BB5004F55DF /* Venues */,
				7CACD4F517A45AE100E84B28 /* Stats Tab */,
				7CADB30F1760251500B80D54 /* Top Rated Tab */,
				7C518C53175DCEC7005EB2E7 /* Settings Tab */,
				7C518C22175D0C62005EB2E7 /* Song Tab */,
				7C518C21175D0C4E005EB2E7 /* Year Tab */,
				7C7ED3861800D27A004F55DF /* MenuPanel.h */,
				7C7ED3871800D27A004F55DF /* MenuPanel.m */,
				7C603028182068DA0088F651 /* HomeViewController.h */,
				7C603029182068DA0088F651 /* HomeViewController.m */,
			);
			name = Panels;
			sourceTree = "<group>";
		};
		7C7ED38C1800FDD4004F55DF /* New MediaPlayer */ = {
			isa = PBXGroup;
			children = (
			);
			name = "New MediaPlayer";
			sourceTree = "<group>";
		};
		7C7ED3951801B0F2004F55DF /* PLLocationsMap */ = {
			isa = PBXGroup;
			children = (
				7C7ED3961801B0FF004F55DF /* close-button.png */,
				7C7ED3971801B0FF004F55DF /* mappin.png */,
				7C7ED3981801B0FF004F55DF /* MapPoint.h */,
				7C7ED3991801B0FF004F55DF /* MapPoint.m */,
				7C7ED39A1801B0FF004F55DF /* PDLocationsMap */,
			);
			name = PLLocationsMap;
			sourceTree = "<group>";
		};
		7C7ED39A1801B0FF004F55DF /* PDLocationsMap */ = {
			isa = PBXGroup;
			children = (
				7C7ED39B1801B0FF004F55DF /* PDLocation.h */,
				7C7ED39C1801B0FF004F55DF /* PDLocation.m */,
				7C7ED39D1801B0FF004F55DF /* PDLocationsMap.h */,
				7C7ED39E1801B0FF004F55DF /* PDLocationsMapViewController.h */,
				7C7ED39F1801B0FF004F55DF /* PDLocationsMapViewController.m */,
				7C7ED3A01801B0FF004F55DF /* PDLocationsMapViewController.xib */,
			);
			path = PDLocationsMap;
			sourceTree = "<group>";
		};
		7C7ED3AE18020BB5004F55DF /* Venues */ = {
			isa = PBXGroup;
			children = (
				7C7ED3AF18020BE4004F55DF /* VenuesViewController.h */,
				7C7ED3B018020BE4004F55DF /* VenuesViewController.m */,
				7C7ED3921801ABD0004F55DF /* VenueViewController.h */,
				7C7ED3931801ABD0004F55DF /* VenueViewController.m */,
			);
			name = Venues;
			sourceTree = "<group>";
		};
		7CACD4F117A4584900E84B28 /* Models */ = {
			isa = PBXGroup;
			children = (
				7CACD4F217A4585C00E84B28 /* PhishTracksStatsHistoryItem.h */,
				7CACD4F317A4585C00E84B28 /* PhishTracksStatsHistoryItem.m */,
			);
			name = Models;
			sourceTree = "<group>";
		};
		7CACD4F517A45AE100E84B28 /* Stats Tab */ = {
			isa = PBXGroup;
			children = (
				7CACD4F917A45BD300E84B28 /* 17-bar-chart.png */,
				7CACD4FA17A45BD300E84B28 /* 17-bar-chart@2x.png */,
				7CACD4F617A45AFC00E84B28 /* PhishTracksStatsViewController.h */,
				7CACD4F717A45AFC00E84B28 /* PhishTracksStatsViewController.m */,
				7CACD4FD17A4658700E84B28 /* GlobalStatsViewController.h */,
				7CACD4FE17A4658700E84B28 /* GlobalStatsViewController.m */,
			);
			name = "Stats Tab";
			sourceTree = "<group>";
		};
		7CADB30F1760251500B80D54 /* Top Rated Tab */ = {
			isa = PBXGroup;
			children = (
				7CADB31B176035E100B80D54 /* TopRatedViewController.h */,
				7CADB31C176035E100B80D54 /* TopRatedViewController.m */,
			);
			name = "Top Rated Tab";
			sourceTree = "<group>";
		};
		7CADB33817610E9000B80D54 /* Icons */ = {
			isa = PBXGroup;
			children = (
				7CC91A9217A093D40047DFF3 /* glyphicons_151_new_window.png */,
				7CC91A9317A093D40047DFF3 /* glyphicons_151_new_window@2x.png */,
				7CC91A8E17A093030047DFF3 /* 08-chat.png */,
				7CC91A8F17A093030047DFF3 /* 08-chat@2x.png */,
				7CC91A6A17A091210047DFF3 /* 19-gear.png */,
				7CC91A6B17A091210047DFF3 /* 19-gear@2x.png */,
				7CC91A6C17A091210047DFF3 /* 28-star.png */,
				7CC91A6D17A091210047DFF3 /* 28-star@2x.png */,
				7CC91A6E17A091210047DFF3 /* 44-shoebox.png */,
				7CC91A6F17A091210047DFF3 /* 44-shoebox@2x.png */,
				7CC91A7017A091210047DFF3 /* 83-calendar.png */,
				7CC91A7117A091210047DFF3 /* 83-calendar@2x.png */,
				7CC91A7217A091210047DFF3 /* 194-note-2.png */,
				7CC91A7317A091210047DFF3 /* 194-note-2@2x.png */,
				7C658BD2178D2E6C005FD6D0 /* Icon-72.png */,
				7C658BD3178D2E6C005FD6D0 /* Icon-72@2x.png */,
				7C658BD4178D2E6C005FD6D0 /* Icon-Small-50.png */,
				7C658BD5178D2E6C005FD6D0 /* Icon-Small-50@2x.png */,
				7C658BD6178D2E6C005FD6D0 /* Icon-Small.png */,
				7C658BD7178D2E6C005FD6D0 /* Icon-Small@2x.png */,
				7C658BD8178D2E6C005FD6D0 /* Icon.png */,
				7C658BD9178D2E6C005FD6D0 /* Icon@2x.png */,
				7C658BDA178D2E6C005FD6D0 /* iTunesArtwork */,
				7C658BDB178D2E6C005FD6D0 /* iTunesArtwork@2x */,
			);
			name = Icons;
			sourceTree = "<group>";
		};
		7CC165E7180F5EB700F72F0D /* Phish.in */ = {
			isa = PBXGroup;
			children = (
				7CC165E8180F5EB700F72F0D /* Models */,
				7CC165FD180F5EB700F72F0D /* PhishinAPI.h */,
				7CC165FE180F5EB700F72F0D /* PhishinAPI.m */,
			);
			path = Phish.in;
			sourceTree = "<group>";
		};
		7CC165E8180F5EB700F72F0D /* Models */ = {
			isa = PBXGroup;
			children = (
				7CC165E9180F5EB700F72F0D /* PhishinEra.h */,
				7CC165EA180F5EB700F72F0D /* PhishinEra.m */,
				7CC165EB180F5EB700F72F0D /* PhishinSearchResults.h */,
				7CC165EC180F5EB700F72F0D /* PhishinSearchResults.m */,
				7CC165ED180F5EB700F72F0D /* PhishinSet.h */,
				7CC165EE180F5EB700F72F0D /* PhishinSet.m */,
				7CC165EF180F5EB700F72F0D /* PhishinShow.h */,
				7CC165F0180F5EB700F72F0D /* PhishinShow.m */,
				7CC165F1180F5EB700F72F0D /* PhishinSong.h */,
				7CC165F2180F5EB700F72F0D /* PhishinSong.m */,
				7CC165F3180F5EB700F72F0D /* PhishinStreamingPlaylistItem.h */,
				7CC165F4180F5EB700F72F0D /* PhishinStreamingPlaylistItem.m */,
				7CC165F5180F5EB700F72F0D /* PhishinTour.h */,
				7CC165F6180F5EB700F72F0D /* PhishinTour.m */,
				7CC165F7180F5EB700F72F0D /* PhishinTrack.h */,
				7CC165F8180F5EB700F72F0D /* PhishinTrack.m */,
				7CC165F9180F5EB700F72F0D /* PhishinVenue.h */,
				7CC165FA180F5EB700F72F0D /* PhishinVenue.m */,
				7CC165FB180F5EB700F72F0D /* PhishinYear.h */,
				7CC165FC180F5EB700F72F0D /* PhishinYear.m */,
			);
			path = Models;
			sourceTree = "<group>";
		};
		7CC91A57179F75E40047DFF3 /* PhishTracks Stats */ = {
			isa = PBXGroup;
			children = (
				7CACD4F117A4584900E84B28 /* Models */,
				7CC91A58179F75FB0047DFF3 /* PhishTracksStats.h */,
				7CC91A59179F75FB0047DFF3 /* PhishTracksStats.m */,
			);
			name = "PhishTracks Stats";
			sourceTree = "<group>";
		};
/* End PBXGroup section */

/* Begin PBXNativeTarget section */
		7C518C00175D0C32005EB2E7 /* Phish OD */ = {
			isa = PBXNativeTarget;
			buildConfigurationList = 7C518C1E175D0C32005EB2E7 /* Build configuration list for PBXNativeTarget "Phish OD" */;
			buildPhases = (
				0D1FF48CCC754A3A80BC954F /* Check Pods Manifest.lock */,
				7C518BFD175D0C32005EB2E7 /* Sources */,
				7C518BFE175D0C32005EB2E7 /* Frameworks */,
				7C518BFF175D0C32005EB2E7 /* Resources */,
				F77AAE8B6D1E4AEDA3DF84BA /* Copy Pods Resources */,
				7CADB327176057AB00B80D54 /* ShellScript */,
			);
			buildRules = (
			);
			dependencies = (
			);
			name = "Phish OD";
			productName = "Phish Tracks";
			productReference = 7C518C01175D0C32005EB2E7 /* Phish OD.app */;
			productType = "com.apple.product-type.application";
		};
/* End PBXNativeTarget section */

/* Begin PBXProject section */
		7C518BF9175D0C32005EB2E7 /* Project object */ = {
			isa = PBXProject;
			attributes = {
				LastUpgradeCheck = 0460;
				ORGANIZATIONNAME = "Alec Gorge";
				TargetAttributes = {
					7C518C00175D0C32005EB2E7 = {
						DevelopmentTeam = BJ4837B5SY;
					};
				};
			};
			buildConfigurationList = 7C518BFC175D0C32005EB2E7 /* Build configuration list for PBXProject "Phish Tracks" */;
			compatibilityVersion = "Xcode 3.2";
			developmentRegion = English;
			hasScannedForEncodings = 0;
			knownRegions = (
				en,
			);
			mainGroup = 7C518BF8175D0C32005EB2E7;
			productRefGroup = 7C518C02175D0C32005EB2E7 /* Products */;
			projectDirPath = "";
			projectRoot = "";
			targets = (
				7C518C00175D0C32005EB2E7 /* Phish OD */,
			);
		};
/* End PBXProject section */

/* Begin PBXResourcesBuildPhase section */
		7C518BFF175D0C32005EB2E7 /* Resources */ = {
			isa = PBXResourcesBuildPhase;
			buildActionMask = 2147483647;
			files = (
				7CC91A8B17A091530047DFF3 /* glyphicons_174_pause@2x.png in Resources */,
				7C518C0F175D0C32005EB2E7 /* InfoPlist.strings in Resources */,
				7C518C17175D0C32005EB2E7 /* Default.png in Resources */,
				7C518C19175D0C32005EB2E7 /* Default@2x.png in Resources */,
				7CC91A7917A091210047DFF3 /* 44-shoebox@2x.png in Resources */,
				7CC91A8D17A091530047DFF3 /* glyphicons_176_forward@2x.png in Resources */,
				7C658BDE178D2E6C005FD6D0 /* Icon-Small-50.png in Resources */,
				7C658BEC178D378B005FD6D0 /* Default-Portrait~ipad.png in Resources */,
				7C518C1B175D0C32005EB2E7 /* Default-568h@2x.png in Resources */,
				7C7ED3A11801B0FF004F55DF /* close-button.png in Resources */,
				7CACD4FC17A45BD300E84B28 /* 17-bar-chart@2x.png in Resources */,
				7C658BE0178D2E6C005FD6D0 /* Icon-Small.png in Resources */,
				7CC91A7C17A091210047DFF3 /* 194-note-2.png in Resources */,
				7CC91A8A17A091530047DFF3 /* glyphicons_174_pause.png in Resources */,
				7C6AE5171788B97200AAED06 /* Entitlements.plist in Resources */,
				7CC91A8717A091530047DFF3 /* glyphicons_172_rewind@2x.png in Resources */,
				7C7ED3A21801B0FF004F55DF /* mappin.png in Resources */,
				7CC91A7517A091210047DFF3 /* 19-gear@2x.png in Resources */,
				7CC91A7A17A091210047DFF3 /* 83-calendar.png in Resources */,
				7C658BEA178D378B005FD6D0 /* Default-Landscape~ipad.png in Resources */,
				7C658BE5178D2E6C005FD6D0 /* iTunesArtwork@2x in Resources */,
				7C658BE3178D2E6C005FD6D0 /* Icon@2x.png in Resources */,
				7CC91A7B17A091210047DFF3 /* 83-calendar@2x.png in Resources */,
				7C658BDF178D2E6C005FD6D0 /* Icon-Small-50@2x.png in Resources */,
				7CC91A8917A091530047DFF3 /* glyphicons_173_play@2x.png in Resources */,
				7C658BDC178D2E6C005FD6D0 /* Icon-72.png in Resources */,
				C54ED74618201CF1007D4261 /* Configurations.plist in Resources */,
				7C658BEB178D378B005FD6D0 /* Default-Landscape@2x~ipad.png in Resources */,
				7CC91A9117A093030047DFF3 /* 08-chat@2x.png in Resources */,
				7C658BDD178D2E6C005FD6D0 /* Icon-72@2x.png in Resources */,
				7CC91A9517A093D40047DFF3 /* glyphicons_151_new_window@2x.png in Resources */,
				7CC91A8C17A091530047DFF3 /* glyphicons_176_forward.png in Resources */,
				7CC91A9417A093D40047DFF3 /* glyphicons_151_new_window.png in Resources */,
				7C658BED178D378B005FD6D0 /* Default-Portrait@2x~ipad.png in Resources */,
				7CC91A9017A093030047DFF3 /* 08-chat.png in Resources */,
				7CC91A7D17A091210047DFF3 /* 194-note-2@2x.png in Resources */,
				7CC91A6617A07D0F0047DFF3 /* jquery2.min.js in Resources */,
				7CC91A6717A07D0F0047DFF3 /* jQueryAPI.js in Resources */,
				7CC91A6817A07D0F0047DFF3 /* NativeBridge.js in Resources */,
				7CC91A6917A07D130047DFF3 /* scrape_jams.js in Resources */,
				7C6AE505178872E500AAED06 /* StreamingMusicViewController.xib in Resources */,
				7CACD4FB17A45BD300E84B28 /* 17-bar-chart.png in Resources */,
				7CC91A8617A091530047DFF3 /* glyphicons_172_rewind.png in Resources */,
				7C658BE4178D2E6C005FD6D0 /* iTunesArtwork in Resources */,
				7CC91A7617A091210047DFF3 /* 28-star.png in Resources */,
				7CC91A7717A091210047DFF3 /* 28-star@2x.png in Resources */,
				7C7ED3A61801B0FF004F55DF /* PDLocationsMapViewController.xib in Resources */,
				7CC91A7417A091210047DFF3 /* 19-gear.png in Resources */,
				7CC91A8817A091530047DFF3 /* glyphicons_173_play.png in Resources */,
				7CC91A7817A091210047DFF3 /* 44-shoebox.png in Resources */,
				7C658BE1178D2E6C005FD6D0 /* Icon-Small@2x.png in Resources */,
				7C658BE2178D2E6C005FD6D0 /* Icon.png in Resources */,
			);
			runOnlyForDeploymentPostprocessing = 0;
		};
/* End PBXResourcesBuildPhase section */

/* Begin PBXShellScriptBuildPhase section */
		0D1FF48CCC754A3A80BC954F /* Check Pods Manifest.lock */ = {
			isa = PBXShellScriptBuildPhase;
			buildActionMask = 2147483647;
			files = (
			);
			inputPaths = (
			);
			name = "Check Pods Manifest.lock";
			outputPaths = (
			);
			runOnlyForDeploymentPostprocessing = 0;
			shellPath = /bin/sh;
			shellScript = "diff \"${PODS_ROOT}/../Podfile.lock\" \"${PODS_ROOT}/Manifest.lock\" > /dev/null\nif [[ $? != 0 ]] ; then\n    cat << EOM\nerror: The sandbox is not in sync with the Podfile.lock. Run 'pod install' or update your CocoaPods installation.\nEOM\n    exit 1\nfi\n";
		};
		7CADB327176057AB00B80D54 /* ShellScript */ = {
			isa = PBXShellScriptBuildPhase;
			buildActionMask = 2147483647;
			files = (
			);
			inputPaths = (
			);
			outputPaths = (
			);
			runOnlyForDeploymentPostprocessing = 0;
			shellPath = /bin/sh;
			shellScript = "./Crashlytics.framework/run bbdd6a4df81e6b1498130a0f1fbf72d14e334fb4";
		};
		F77AAE8B6D1E4AEDA3DF84BA /* Copy Pods Resources */ = {
			isa = PBXShellScriptBuildPhase;
			buildActionMask = 2147483647;
			files = (
			);
			inputPaths = (
			);
			name = "Copy Pods Resources";
			outputPaths = (
			);
			runOnlyForDeploymentPostprocessing = 0;
			shellPath = /bin/sh;
			shellScript = "\"${SRCROOT}/Pods/Pods-resources.sh\"\n";
		};
/* End PBXShellScriptBuildPhase section */

/* Begin PBXSourcesBuildPhase section */
		7C518BFD175D0C32005EB2E7 /* Sources */ = {
			isa = PBXSourcesBuildPhase;
			buildActionMask = 2147483647;
			files = (
				7C7ED3A41801B0FF004F55DF /* PDLocation.m in Sources */,
				7CB97EC21805E289004A43EE /* ToursViewController.m in Sources */,
				7C7ED3881800D27A004F55DF /* MenuPanel.m in Sources */,
				7CC91A60179F875A0047DFF3 /* jQuery.m in Sources */,
				7CB97EC51805E45B004A43EE /* TourViewController.m in Sources */,
				7C60302E18206B320088F651 /* RandomShowViewController.m in Sources */,
				7CC91A5A179F75FB0047DFF3 /* PhishTracksStats.m in Sources */,
				7C7ED3941801ABD0004F55DF /* VenueViewController.m in Sources */,
				7CC16606180F5EB700F72F0D /* PhishinTrack.m in Sources */,
				7CACD4F817A45AFC00E84B28 /* PhishTracksStatsViewController.m in Sources */,
				7C518C11175D0C32005EB2E7 /* main.m in Sources */,
				7CACD50217A4718A00E84B28 /* RotatableTabBarController.m in Sources */,
				7C518C15175D0C32005EB2E7 /* AppDelegate.m in Sources */,
				7CC16605180F5EB700F72F0D /* PhishinTour.m in Sources */,
				7C7ED3A31801B0FF004F55DF /* MapPoint.m in Sources */,
				7C518C26175D1170005EB2E7 /* PhishTracksAPI.m in Sources */,
				7CC16602180F5EB700F72F0D /* PhishinShow.m in Sources */,
				7CC16608180F5EB700F72F0D /* PhishinYear.m in Sources */,
				7C518C29175D1386005EB2E7 /* PhishYear.m in Sources */,
				7CC165FF180F5EB700F72F0D /* PhishinEra.m in Sources */,
				7C518C2C175D13BF005EB2E7 /* PhishShow.m in Sources */,
				7CC16603180F5EB700F72F0D /* PhishinSong.m in Sources */,
				7C518C2F175D149D005EB2E7 /* PhishSet.m in Sources */,
				7C518C32175D14CF005EB2E7 /* PhishSong.m in Sources */,
				7C60302A182068DA0088F651 /* HomeViewController.m in Sources */,
				7C6AE4FE1787BA2300AAED06 /* RefreshableTableViewController.m in Sources */,
				7C02E784180F452E00C01CCB /* SearchViewController.m in Sources */,
				7CACD4FF17A4658700E84B28 /* GlobalStatsViewController.m in Sources */,
				7C518C39175D2A90005EB2E7 /* YearsViewController.m in Sources */,
				7C518C3E175D2C1C005EB2E7 /* FailureHandler.m in Sources */,
				7C518C41175D2E20005EB2E7 /* YearViewController.m in Sources */,
				7C518C44175D9C87005EB2E7 /* ShowViewController.m in Sources */,
				7C7ED3B118020BE4004F55DF /* VenuesViewController.m in Sources */,
				7CC16609180F5EB700F72F0D /* PhishinAPI.m in Sources */,
				7C6AE504178872E500AAED06 /* StreamingMusicViewController.m in Sources */,
				7C6AE5111788786E00AAED06 /* StreamingPlaylistItem.m in Sources */,
				7CACD4F417A4585C00E84B28 /* PhishTracksStatsHistoryItem.m in Sources */,
				7C518C56175DCEDD005EB2E7 /* SettingsViewController.m in Sources */,
				7C518C69175E59D6005EB2E7 /* PhishNetAPI.m in Sources */,
				7CC16601180F5EB700F72F0D /* PhishinSet.m in Sources */,
				7C518C6D175E5CD8005EB2E7 /* PhishNetSetlist.m in Sources */,
				7C518C70175E5EE5005EB2E7 /* PhishNetReview.m in Sources */,
				7CC16600180F5EB700F72F0D /* PhishinSearchResults.m in Sources */,
				7C518C73175E6465005EB2E7 /* ConcertInfoViewController.m in Sources */,
				7C518C76175FD224005EB2E7 /* ReviewsViewController.m in Sources */,
				7CC16604180F5EB700F72F0D /* PhishinStreamingPlaylistItem.m in Sources */,
				7CC16607180F5EB700F72F0D /* PhishinVenue.m in Sources */,
				7CADB31A1760352900B80D54 /* PhishNetTopShow.m in Sources */,
				C54ED74918201FF8007D4261 /* Configuration.m in Sources */,
				7CADB31D176035E100B80D54 /* TopRatedViewController.m in Sources */,
				7C02E789180F45C300C01CCB /* SearchDelegate.m in Sources */,
				7CADB320176040B200B80D54 /* NSString+stripHTML.m in Sources */,
				7C7ED3A51801B0FF004F55DF /* PDLocationsMapViewController.m in Sources */,
				7C6AE5151788AFDD00AAED06 /* EventInterceptWindow.m in Sources */,
				7CADB323176043F700B80D54 /* SongsViewController.m in Sources */,
				7CADB326176044DF00B80D54 /* SongInstancesViewController.m in Sources */,
			);
			runOnlyForDeploymentPostprocessing = 0;
		};
/* End PBXSourcesBuildPhase section */

/* Begin PBXVariantGroup section */
		7C518C0D175D0C32005EB2E7 /* InfoPlist.strings */ = {
			isa = PBXVariantGroup;
			children = (
				7C518C0E175D0C32005EB2E7 /* en */,
			);
			name = InfoPlist.strings;
			sourceTree = "<group>";
		};
/* End PBXVariantGroup section */

/* Begin XCBuildConfiguration section */
		7C518C1C175D0C32005EB2E7 /* Debug */ = {
			isa = XCBuildConfiguration;
			buildSettings = {
				ALWAYS_SEARCH_USER_PATHS = NO;
				CLANG_CXX_LANGUAGE_STANDARD = "gnu++0x";
				CLANG_CXX_LIBRARY = "libc++";
				CLANG_ENABLE_OBJC_ARC = YES;
				CLANG_WARN_CONSTANT_CONVERSION = YES;
				CLANG_WARN_EMPTY_BODY = YES;
				CLANG_WARN_ENUM_CONVERSION = YES;
				CLANG_WARN_INT_CONVERSION = YES;
				CLANG_WARN__DUPLICATE_METHOD_MATCH = YES;
				CODE_SIGN_IDENTITY = "";
				"CODE_SIGN_IDENTITY[sdk=iphoneos*]" = "";
				COPY_PHASE_STRIP = NO;
				GCC_C_LANGUAGE_STANDARD = gnu99;
				GCC_DYNAMIC_NO_PIC = NO;
				GCC_OPTIMIZATION_LEVEL = 0;
				GCC_PREPROCESSOR_DEFINITIONS = (
					"DEBUG=1",
					"$(inherited)",
				);
				GCC_SYMBOLS_PRIVATE_EXTERN = NO;
				GCC_WARN_ABOUT_RETURN_TYPE = YES;
				GCC_WARN_UNINITIALIZED_AUTOS = YES;
				GCC_WARN_UNUSED_VARIABLE = YES;
				IPHONEOS_DEPLOYMENT_TARGET = 5.0;
				ONLY_ACTIVE_ARCH = YES;
				PROVISIONING_PROFILE = "24BEBF7D-A524-4371-AEB4-EC4D4864914C";
				SDKROOT = iphoneos;
				TARGETED_DEVICE_FAMILY = "1,2";
			};
			name = Debug;
		};
		7C518C1D175D0C32005EB2E7 /* Release */ = {
			isa = XCBuildConfiguration;
			buildSettings = {
				ALWAYS_SEARCH_USER_PATHS = NO;
				CLANG_CXX_LANGUAGE_STANDARD = "gnu++0x";
				CLANG_CXX_LIBRARY = "libc++";
				CLANG_ENABLE_OBJC_ARC = YES;
				CLANG_WARN_CONSTANT_CONVERSION = YES;
				CLANG_WARN_EMPTY_BODY = YES;
				CLANG_WARN_ENUM_CONVERSION = YES;
				CLANG_WARN_INT_CONVERSION = YES;
				CLANG_WARN__DUPLICATE_METHOD_MATCH = YES;
				CODE_SIGN_IDENTITY = "";
				"CODE_SIGN_IDENTITY[sdk=iphoneos*]" = "";
				COPY_PHASE_STRIP = YES;
				GCC_C_LANGUAGE_STANDARD = gnu99;
				GCC_WARN_ABOUT_RETURN_TYPE = YES;
				GCC_WARN_UNINITIALIZED_AUTOS = YES;
				GCC_WARN_UNUSED_VARIABLE = YES;
				IPHONEOS_DEPLOYMENT_TARGET = 5.0;
				OTHER_CFLAGS = "-DNS_BLOCK_ASSERTIONS=1";
				PROVISIONING_PROFILE = "24BEBF7D-A524-4371-AEB4-EC4D4864914C";
				SDKROOT = iphoneos;
				TARGETED_DEVICE_FAMILY = "1,2";
				VALIDATE_PRODUCT = YES;
			};
			name = Release;
		};
		7C518C1F175D0C32005EB2E7 /* Debug */ = {
			isa = XCBuildConfiguration;
			baseConfigurationReference = 0835065E67C54644AE7E0BA1 /* Pods.xcconfig */;
			buildSettings = {
				CODE_SIGN_IDENTITY = "iPhone Developer";
				FRAMEWORK_SEARCH_PATHS = (
					"$(inherited)",
					"\"$(SYSTEM_APPS_DIR)/Reveal.app/Contents/SharedSupport/iOS-Libraries\"",
					"\"$(SRCROOT)\"",
				);
				GCC_PRECOMPILE_PREFIX_HEADER = YES;
				GCC_PREFIX_HEADER = "Phish Tracks/Phish Tracks-Prefix.pch";
				INFOPLIST_FILE = "Phish Tracks/Phish Tracks-Info.plist";
				IPHONEOS_DEPLOYMENT_TARGET = 5.0;
				PRODUCT_NAME = "$(TARGET_NAME)";
				PROVISIONING_PROFILE = "4C73A136-2509-4D77-8A0E-DAC48F06DE92";
				WRAPPER_EXTENSION = app;
			};
			name = Debug;
		};
		7C518C20175D0C32005EB2E7 /* Release */ = {
			isa = XCBuildConfiguration;
			baseConfigurationReference = 0835065E67C54644AE7E0BA1 /* Pods.xcconfig */;
			buildSettings = {
				CODE_SIGN_IDENTITY = "iPhone Developer";
				FRAMEWORK_SEARCH_PATHS = (
					"$(inherited)",
					"\"$(SYSTEM_APPS_DIR)/Reveal.app/Contents/SharedSupport/iOS-Libraries\"",
					"\"$(SRCROOT)\"",
				);
				GCC_PRECOMPILE_PREFIX_HEADER = YES;
				GCC_PREFIX_HEADER = "Phish Tracks/Phish Tracks-Prefix.pch";
				INFOPLIST_FILE = "Phish Tracks/Phish Tracks-Info.plist";
				IPHONEOS_DEPLOYMENT_TARGET = 5.0;
				PRODUCT_NAME = "$(TARGET_NAME)";
				PROVISIONING_PROFILE = "0BD60313-4A11-4525-A648-098D1BBE4729";
				WRAPPER_EXTENSION = app;
			};
			name = Release;
		};
		C54ED743182019F7007D4261 /* Development */ = {
			isa = XCBuildConfiguration;
			buildSettings = {
				ALWAYS_SEARCH_USER_PATHS = NO;
				CLANG_CXX_LANGUAGE_STANDARD = "gnu++0x";
				CLANG_CXX_LIBRARY = "libc++";
				CLANG_ENABLE_OBJC_ARC = YES;
				CLANG_WARN_CONSTANT_CONVERSION = YES;
				CLANG_WARN_EMPTY_BODY = YES;
				CLANG_WARN_ENUM_CONVERSION = YES;
				CLANG_WARN_INT_CONVERSION = YES;
				CLANG_WARN__DUPLICATE_METHOD_MATCH = YES;
				CODE_SIGN_IDENTITY = "";
				"CODE_SIGN_IDENTITY[sdk=iphoneos*]" = "";
				COPY_PHASE_STRIP = NO;
				GCC_C_LANGUAGE_STANDARD = gnu99;
				GCC_DYNAMIC_NO_PIC = NO;
				GCC_OPTIMIZATION_LEVEL = 0;
				GCC_PREPROCESSOR_DEFINITIONS = (
					"DEBUG=1",
					"$(inherited)",
				);
				GCC_SYMBOLS_PRIVATE_EXTERN = NO;
				GCC_WARN_ABOUT_RETURN_TYPE = YES;
				GCC_WARN_UNINITIALIZED_AUTOS = YES;
				GCC_WARN_UNUSED_VARIABLE = YES;
				IPHONEOS_DEPLOYMENT_TARGET = 5.0;
				ONLY_ACTIVE_ARCH = YES;
				PROVISIONING_PROFILE = "24BEBF7D-A524-4371-AEB4-EC4D4864914C";
				SDKROOT = iphoneos;
				TARGETED_DEVICE_FAMILY = "1,2";
			};
			name = Development;
		};
		C54ED744182019F7007D4261 /* Development */ = {
			isa = XCBuildConfiguration;
			baseConfigurationReference = 0835065E67C54644AE7E0BA1 /* Pods.xcconfig */;
			buildSettings = {
				CODE_SIGN_IDENTITY = "iPhone Developer";
				FRAMEWORK_SEARCH_PATHS = (
					"$(inherited)",
					"\"$(SYSTEM_APPS_DIR)/Reveal.app/Contents/SharedSupport/iOS-Libraries\"",
					"\"$(SRCROOT)\"",
				);
				GCC_PRECOMPILE_PREFIX_HEADER = YES;
				GCC_PREFIX_HEADER = "Phish Tracks/Phish Tracks-Prefix.pch";
				INFOPLIST_FILE = "Phish Tracks/Phish Tracks-Info.plist";
				IPHONEOS_DEPLOYMENT_TARGET = 5.0;
				PRODUCT_NAME = "$(TARGET_NAME)";
				PROVISIONING_PROFILE = "4C73A136-2509-4D77-8A0E-DAC48F06DE92";
				WRAPPER_EXTENSION = app;
			};
			name = Development;
		};
/* End XCBuildConfiguration section */

/* Begin XCConfigurationList section */
		7C518BFC175D0C32005EB2E7 /* Build configuration list for PBXProject "Phish Tracks" */ = {
			isa = XCConfigurationList;
			buildConfigurations = (
				7C518C1C175D0C32005EB2E7 /* Debug */,
				C54ED743182019F7007D4261 /* Development */,
				7C518C1D175D0C32005EB2E7 /* Release */,
			);
			defaultConfigurationIsVisible = 0;
			defaultConfigurationName = Release;
		};
		7C518C1E175D0C32005EB2E7 /* Build configuration list for PBXNativeTarget "Phish OD" */ = {
			isa = XCConfigurationList;
			buildConfigurations = (
				7C518C1F175D0C32005EB2E7 /* Debug */,
				C54ED744182019F7007D4261 /* Development */,
				7C518C20175D0C32005EB2E7 /* Release */,
			);
			defaultConfigurationIsVisible = 0;
			defaultConfigurationName = Release;
		};
/* End XCConfigurationList section */
	};
	rootObject = 7C518BF9175D0C32005EB2E7 /* Project object */;
}
